// !$*UTF8*$!
{
	archiveVersion = 1;
	classes = {
	};
	objectVersion = 50;
	objects = {

/* Begin PBXBuildFile section */
		D51B328B213EC6D50049CEFA /* AppDelegate.swift in Sources */ = {isa = PBXBuildFile; fileRef = D51B328A213EC6D50049CEFA /* AppDelegate.swift */; };
		D51B328D213EC6D50049CEFA /* ViewController.swift in Sources */ = {isa = PBXBuildFile; fileRef = D51B328C213EC6D50049CEFA /* ViewController.swift */; };
		D51B3290213EC6D50049CEFA /* Main.storyboard in Resources */ = {isa = PBXBuildFile; fileRef = D51B328E213EC6D50049CEFA /* Main.storyboard */; };
		D51B3292213EC6D60049CEFA /* Assets.xcassets in Resources */ = {isa = PBXBuildFile; fileRef = D51B3291213EC6D60049CEFA /* Assets.xcassets */; };
		D51B3295213EC6D60049CEFA /* LaunchScreen.storyboard in Resources */ = {isa = PBXBuildFile; fileRef = D51B3293213EC6D60049CEFA /* LaunchScreen.storyboard */; };
		D51B32A0213EC6D70049CEFA /* HelloTests.swift in Sources */ = {isa = PBXBuildFile; fileRef = D51B329F213EC6D70049CEFA /* HelloTests.swift */; };
		D51B32AB213EC6D70049CEFA /* HelloUITests.swift in Sources */ = {isa = PBXBuildFile; fileRef = D51B32AA213EC6D70049CEFA /* HelloUITests.swift */; };
/* End PBXBuildFile section */

/* Begin PBXContainerItemProxy section */
		D51B329C213EC6D70049CEFA /* PBXContainerItemProxy */ = {
			isa = PBXContainerItemProxy;
			containerPortal = D51B327F213EC6D40049CEFA /* Project object */;
			proxyType = 1;
			remoteGlobalIDString = D51B3286213EC6D40049CEFA;
			remoteInfo = Hello;
		};
		D51B32A7213EC6D70049CEFA /* PBXContainerItemProxy */ = {
			isa = PBXContainerItemProxy;
			containerPortal = D51B327F213EC6D40049CEFA /* Project object */;
			proxyType = 1;
			remoteGlobalIDString = D51B3286213EC6D40049CEFA;
			remoteInfo = Hello;
		};
/* End PBXContainerItemProxy section */

/* Begin PBXFileReference section */
		D51B3287213EC6D40049CEFA /* Hello.app */ = {isa = PBXFileReference; explicitFileType = wrapper.application; includeInIndex = 0; path = Hello.app; sourceTree = BUILT_PRODUCTS_DIR; };
		D51B328A213EC6D50049CEFA /* AppDelegate.swift */ = {isa = PBXFileReference; lastKnownFileType = sourcecode.swift; path = AppDelegate.swift; sourceTree = "<group>"; };
		D51B328C213EC6D50049CEFA /* ViewController.swift */ = {isa = PBXFileReference; lastKnownFileType = sourcecode.swift; path = ViewController.swift; sourceTree = "<group>"; };
		D51B328F213EC6D50049CEFA /* Base */ = {isa = PBXFileReference; lastKnownFileType = file.storyboard; name = Base; path = Base.lproj/Main.storyboard; sourceTree = "<group>"; };
		D51B3291213EC6D60049CEFA /* Assets.xcassets */ = {isa = PBXFileReference; lastKnownFileType = folder.assetcatalog; path = Assets.xcassets; sourceTree = "<group>"; };
		D51B3294213EC6D60049CEFA /* Base */ = {isa = PBXFileReference; lastKnownFileType = file.storyboard; name = Base; path = Base.lproj/LaunchScreen.storyboard; sourceTree = "<group>"; };
		D51B3296213EC6D60049CEFA /* Info.plist */ = {isa = PBXFileReference; lastKnownFileType = text.plist.xml; path = Info.plist; sourceTree = "<group>"; };
		D51B329B213EC6D70049CEFA /* HelloTests.xctest */ = {isa = PBXFileReference; explicitFileType = wrapper.cfbundle; includeInIndex = 0; path = HelloTests.xctest; sourceTree = BUILT_PRODUCTS_DIR; };
		D51B329F213EC6D70049CEFA /* HelloTests.swift */ = {isa = PBXFileReference; lastKnownFileType = sourcecode.swift; path = HelloTests.swift; sourceTree = "<group>"; };
		D51B32A1213EC6D70049CEFA /* Info.plist */ = {isa = PBXFileReference; lastKnownFileType = text.plist.xml; path = Info.plist; sourceTree = "<group>"; };
		D51B32A6213EC6D70049CEFA /* HelloUITests.xctest */ = {isa = PBXFileReference; explicitFileType = wrapper.cfbundle; includeInIndex = 0; path = HelloUITests.xctest; sourceTree = BUILT_PRODUCTS_DIR; };
		D51B32AA213EC6D70049CEFA /* HelloUITests.swift */ = {isa = PBXFileReference; lastKnownFileType = sourcecode.swift; path = HelloUITests.swift; sourceTree = "<group>"; };
		D51B32AC213EC6D70049CEFA /* Info.plist */ = {isa = PBXFileReference; lastKnownFileType = text.plist.xml; path = Info.plist; sourceTree = "<group>"; };
/* End PBXFileReference section */

/* Begin PBXFrameworksBuildPhase section */
		D51B3284213EC6D40049CEFA /* Frameworks */ = {
			isa = PBXFrameworksBuildPhase;
			buildActionMask = 2147483647;
			files = (
			);
			runOnlyForDeploymentPostprocessing = 0;
		};
		D51B3298213EC6D70049CEFA /* Frameworks */ = {
			isa = PBXFrameworksBuildPhase;
			buildActionMask = 2147483647;
			files = (
			);
			runOnlyForDeploymentPostprocessing = 0;
		};
		D51B32A3213EC6D70049CEFA /* Frameworks */ = {
			isa = PBXFrameworksBuildPhase;
			buildActionMask = 2147483647;
			files = (
			);
			runOnlyForDeploymentPostprocessing = 0;
		};
/* End PBXFrameworksBuildPhase section */

/* Begin PBXGroup section */
		D51B327E213EC6D40049CEFA = {
			isa = PBXGroup;
			children = (
				D51B3289213EC6D40049CEFA /* Hello */,
				D51B329E213EC6D70049CEFA /* HelloTests */,
				D51B32A9213EC6D70049CEFA /* HelloUITests */,
				D51B3288213EC6D40049CEFA /* Products */,
			);
			sourceTree = "<group>";
		};
		D51B3288213EC6D40049CEFA /* Products */ = {
			isa = PBXGroup;
			children = (
				D51B3287213EC6D40049CEFA /* Hello.app */,
				D51B329B213EC6D70049CEFA /* HelloTests.xctest */,
				D51B32A6213EC6D70049CEFA /* HelloUITests.xctest */,
			);
			name = Products;
			sourceTree = "<group>";
		};
		D51B3289213EC6D40049CEFA /* Hello */ = {
			isa = PBXGroup;
			children = (
				D51B328A213EC6D50049CEFA /* AppDelegate.swift */,
				D51B328C213EC6D50049CEFA /* ViewController.swift */,
				D51B328E213EC6D50049CEFA /* Main.storyboard */,
				D51B3291213EC6D60049CEFA /* Assets.xcassets */,
				D51B3293213EC6D60049CEFA /* LaunchScreen.storyboard */,
				D51B3296213EC6D60049CEFA /* Info.plist */,
			);
			path = Hello;
			sourceTree = "<group>";
		};
		D51B329E213EC6D70049CEFA /* HelloTests */ = {
			isa = PBXGroup;
			children = (
				D51B329F213EC6D70049CEFA /* HelloTests.swift */,
				D51B32A1213EC6D70049CEFA /* Info.plist */,
			);
			path = HelloTests;
			sourceTree = "<group>";
		};
		D51B32A9213EC6D70049CEFA /* HelloUITests */ = {
			isa = PBXGroup;
			children = (
				D51B32AA213EC6D70049CEFA /* HelloUITests.swift */,
				D51B32AC213EC6D70049CEFA /* Info.plist */,
			);
			path = HelloUITests;
			sourceTree = "<group>";
		};
/* End PBXGroup section */

/* Begin PBXNativeTarget section */
		D51B3286213EC6D40049CEFA /* Hello */ = {
			isa = PBXNativeTarget;
			buildConfigurationList = D51B32AF213EC6D70049CEFA /* Build configuration list for PBXNativeTarget "Hello" */;
			buildPhases = (
				D51B3283213EC6D40049CEFA /* Sources */,
				D51B3284213EC6D40049CEFA /* Frameworks */,
				D51B3285213EC6D40049CEFA /* Resources */,
			);
			buildRules = (
			);
			dependencies = (
			);
			name = Hello;
			productName = Hello;
			productReference = D51B3287213EC6D40049CEFA /* Hello.app */;
			productType = "com.apple.product-type.application";
		};
		D51B329A213EC6D70049CEFA /* HelloTests */ = {
			isa = PBXNativeTarget;
			buildConfigurationList = D51B32B2213EC6D70049CEFA /* Build configuration list for PBXNativeTarget "HelloTests" */;
			buildPhases = (
				D51B3297213EC6D70049CEFA /* Sources */,
				D51B3298213EC6D70049CEFA /* Frameworks */,
				D51B3299213EC6D70049CEFA /* Resources */,
			);
			buildRules = (
			);
			dependencies = (
				D51B329D213EC6D70049CEFA /* PBXTargetDependency */,
			);
			name = HelloTests;
			productName = HelloTests;
			productReference = D51B329B213EC6D70049CEFA /* HelloTests.xctest */;
			productType = "com.apple.product-type.bundle.unit-test";
		};
		D51B32A5213EC6D70049CEFA /* HelloUITests */ = {
			isa = PBXNativeTarget;
			buildConfigurationList = D51B32B5213EC6D70049CEFA /* Build configuration list for PBXNativeTarget "HelloUITests" */;
			buildPhases = (
				D51B32A2213EC6D70049CEFA /* Sources */,
				D51B32A3213EC6D70049CEFA /* Frameworks */,
				D51B32A4213EC6D70049CEFA /* Resources */,
			);
			buildRules = (
			);
			dependencies = (
				D51B32A8213EC6D70049CEFA /* PBXTargetDependency */,
			);
			name = HelloUITests;
			productName = HelloUITests;
			productReference = D51B32A6213EC6D70049CEFA /* HelloUITests.xctest */;
			productType = "com.apple.product-type.bundle.ui-testing";
		};
/* End PBXNativeTarget section */

/* Begin PBXProject section */
		D51B327F213EC6D40049CEFA /* Project object */ = {
			isa = PBXProject;
			attributes = {
				LastSwiftUpdateCheck = 0940;
				LastUpgradeCheck = 0940;
				ORGANIZATIONNAME = bobsirasira;
				TargetAttributes = {
					D51B3286213EC6D40049CEFA = {
						CreatedOnToolsVersion = 9.4.1;
					};
					D51B329A213EC6D70049CEFA = {
						CreatedOnToolsVersion = 9.4.1;
						TestTargetID = D51B3286213EC6D40049CEFA;
					};
					D51B32A5213EC6D70049CEFA = {
						CreatedOnToolsVersion = 9.4.1;
						TestTargetID = D51B3286213EC6D40049CEFA;
					};
				};
			};
			buildConfigurationList = D51B3282213EC6D40049CEFA /* Build configuration list for PBXProject "Hello" */;
			compatibilityVersion = "Xcode 9.3";
			developmentRegion = en;
			hasScannedForEncodings = 0;
			knownRegions = (
				en,
				Base,
			);
			mainGroup = D51B327E213EC6D40049CEFA;
			productRefGroup = D51B3288213EC6D40049CEFA /* Products */;
			projectDirPath = "";
			projectRoot = "";
			targets = (
				D51B3286213EC6D40049CEFA /* Hello */,
				D51B329A213EC6D70049CEFA /* HelloTests */,
				D51B32A5213EC6D70049CEFA /* HelloUITests */,
			);
		};
/* End PBXProject section */

/* Begin PBXResourcesBuildPhase section */
		D51B3285213EC6D40049CEFA /* Resources */ = {
			isa = PBXResourcesBuildPhase;
			buildActionMask = 2147483647;
			files = (
				D51B3295213EC6D60049CEFA /* LaunchScreen.storyboard in Resources */,
				D51B3292213EC6D60049CEFA /* Assets.xcassets in Resources */,
				D51B3290213EC6D50049CEFA /* Main.storyboard in Resources */,
			);
			runOnlyForDeploymentPostprocessing = 0;
		};
		D51B3299213EC6D70049CEFA /* Resources */ = {
			isa = PBXResourcesBuildPhase;
			buildActionMask = 2147483647;
			files = (
			);
			runOnlyForDeploymentPostprocessing = 0;
		};
		D51B32A4213EC6D70049CEFA /* Resources */ = {
			isa = PBXResourcesBuildPhase;
			buildActionMask = 2147483647;
			files = (
			);
			runOnlyForDeploymentPostprocessing = 0;
		};
/* End PBXResourcesBuildPhase section */

/* Begin PBXSourcesBuildPhase section */
		D51B3283213EC6D40049CEFA /* Sources */ = {
			isa = PBXSourcesBuildPhase;
			buildActionMask = 2147483647;
			files = (
				D51B328D213EC6D50049CEFA /* ViewController.swift in Sources */,
				D51B328B213EC6D50049CEFA /* AppDelegate.swift in Sources */,
			);
			runOnlyForDeploymentPostprocessing = 0;
		};
		D51B3297213EC6D70049CEFA /* Sources */ = {
			isa = PBXSourcesBuildPhase;
			buildActionMask = 2147483647;
			files = (
				D51B32A0213EC6D70049CEFA /* HelloTests.swift in Sources */,
			);
			runOnlyForDeploymentPostprocessing = 0;
		};
		D51B32A2213EC6D70049CEFA /* Sources */ = {
			isa = PBXSourcesBuildPhase;
			buildActionMask = 2147483647;
			files = (
				D51B32AB213EC6D70049CEFA /* HelloUITests.swift in Sources */,
			);
			runOnlyForDeploymentPostprocessing = 0;
		};
/* End PBXSourcesBuildPhase section */

/* Begin PBXTargetDependency section */
		D51B329D213EC6D70049CEFA /* PBXTargetDependency */ = {
			isa = PBXTargetDependency;
			target = D51B3286213EC6D40049CEFA /* Hello */;
			targetProxy = D51B329C213EC6D70049CEFA /* PBXContainerItemProxy */;
		};
		D51B32A8213EC6D70049CEFA /* PBXTargetDependency */ = {
			isa = PBXTargetDependency;
			target = D51B3286213EC6D40049CEFA /* Hello */;
			targetProxy = D51B32A7213EC6D70049CEFA /* PBXContainerItemProxy */;
		};
/* End PBXTargetDependency section */

/* Begin PBXVariantGroup section */
		D51B328E213EC6D50049CEFA /* Main.storyboard */ = {
			isa = PBXVariantGroup;
			children = (
				D51B328F213EC6D50049CEFA /* Base */,
			);
			name = Main.storyboard;
			sourceTree = "<group>";
		};
		D51B3293213EC6D60049CEFA /* LaunchScreen.storyboard */ = {
			isa = PBXVariantGroup;
			children = (
				D51B3294213EC6D60049CEFA /* Base */,
			);
			name = LaunchScreen.storyboard;
			sourceTree = "<group>";
		};
/* End PBXVariantGroup section */

/* Begin XCBuildConfiguration section */
		D51B32AD213EC6D70049CEFA /* Debug */ = {
			isa = XCBuildConfiguration;
			buildSettings = {
				ALWAYS_SEARCH_USER_PATHS = NO;
				CLANG_ANALYZER_NONNULL = YES;
				CLANG_ANALYZER_NUMBER_OBJECT_CONVERSION = YES_AGGRESSIVE;
				CLANG_CXX_LANGUAGE_STANDARD = "gnu++14";
				CLANG_CXX_LIBRARY = "libc++";
				CLANG_ENABLE_MODULES = YES;
				CLANG_ENABLE_OBJC_ARC = YES;
				CLANG_ENABLE_OBJC_WEAK = YES;
				CLANG_WARN_BLOCK_CAPTURE_AUTORELEASING = YES;
				CLANG_WARN_BOOL_CONVERSION = YES;
				CLANG_WARN_COMMA = YES;
				CLANG_WARN_CONSTANT_CONVERSION = YES;
				CLANG_WARN_DEPRECATED_OBJC_IMPLEMENTATIONS = YES;
				CLANG_WARN_DIRECT_OBJC_ISA_USAGE = YES_ERROR;
				CLANG_WARN_DOCUMENTATION_COMMENTS = YES;
				CLANG_WARN_EMPTY_BODY = YES;
				CLANG_WARN_ENUM_CONVERSION = YES;
				CLANG_WARN_INFINITE_RECURSION = YES;
				CLANG_WARN_INT_CONVERSION = YES;
				CLANG_WARN_NON_LITERAL_NULL_CONVERSION = YES;
				CLANG_WARN_OBJC_IMPLICIT_RETAIN_SELF = YES;
				CLANG_WARN_OBJC_LITERAL_CONVERSION = YES;
				CLANG_WARN_OBJC_ROOT_CLASS = YES_ERROR;
				CLANG_WARN_RANGE_LOOP_ANALYSIS = YES;
				CLANG_WARN_STRICT_PROTOTYPES = YES;
				CLANG_WARN_SUSPICIOUS_MOVE = YES;
				CLANG_WARN_UNGUARDED_AVAILABILITY = YES_AGGRESSIVE;
				CLANG_WARN_UNREACHABLE_CODE = YES;
				CLANG_WARN__DUPLICATE_METHOD_MATCH = YES;
				CODE_SIGN_IDENTITY = "iPhone Developer";
				COPY_PHASE_STRIP = NO;
				DEBUG_INFORMATION_FORMAT = dwarf;
				ENABLE_STRICT_OBJC_MSGSEND = YES;
				ENABLE_TESTABILITY = YES;
				GCC_C_LANGUAGE_STANDARD = gnu11;
				GCC_DYNAMIC_NO_PIC = NO;
				GCC_NO_COMMON_BLOCKS = YES;
				GCC_OPTIMIZATION_LEVEL = 0;
				GCC_PREPROCESSOR_DEFINITIONS = (
					"DEBUG=1",
					"$(inherited)",
				);
				GCC_WARN_64_TO_32_BIT_CONVERSION = YES;
				GCC_WARN_ABOUT_RETURN_TYPE = YES_ERROR;
				GCC_WARN_UNDECLARED_SELECTOR = YES;
				GCC_WARN_UNINITIALIZED_AUTOS = YES_AGGRESSIVE;
				GCC_WARN_UNUSED_FUNCTION = YES;
				GCC_WARN_UNUSED_VARIABLE = YES;
				IPHONEOS_DEPLOYMENT_TARGET = 11.4;
				MTL_ENABLE_DEBUG_INFO = YES;
				ONLY_ACTIVE_ARCH = YES;
				SDKROOT = iphoneos;
				SWIFT_ACTIVE_COMPILATION_CONDITIONS = DEBUG;
				SWIFT_OPTIMIZATION_LEVEL = "-Onone";
			};
			name = Debug;
		};
		D51B32AE213EC6D70049CEFA /* Release */ = {
			isa = XCBuildConfiguration;
			buildSettings = {
				ALWAYS_SEARCH_USER_PATHS = NO;
				CLANG_ANALYZER_NONNULL = YES;
				CLANG_ANALYZER_NUMBER_OBJECT_CONVERSION = YES_AGGRESSIVE;
				CLANG_CXX_LANGUAGE_STANDARD = "gnu++14";
				CLANG_CXX_LIBRARY = "libc++";
				CLANG_ENABLE_MODULES = YES;
				CLANG_ENABLE_OBJC_ARC = YES;
				CLANG_ENABLE_OBJC_WEAK = YES;
				CLANG_WARN_BLOCK_CAPTURE_AUTORELEASING = YES;
				CLANG_WARN_BOOL_CONVERSION = YES;
				CLANG_WARN_COMMA = YES;
				CLANG_WARN_CONSTANT_CONVERSION = YES;
				CLANG_WARN_DEPRECATED_OBJC_IMPLEMENTATIONS = YES;
				CLANG_WARN_DIRECT_OBJC_ISA_USAGE = YES_ERROR;
				CLANG_WARN_DOCUMENTATION_COMMENTS = YES;
				CLANG_WARN_EMPTY_BODY = YES;
				CLANG_WARN_ENUM_CONVERSION = YES;
				CLANG_WARN_INFINITE_RECURSION = YES;
				CLANG_WARN_INT_CONVERSION = YES;
				CLANG_WARN_NON_LITERAL_NULL_CONVERSION = YES;
				CLANG_WARN_OBJC_IMPLICIT_RETAIN_SELF = YES;
				CLANG_WARN_OBJC_LITERAL_CONVERSION = YES;
				CLANG_WARN_OBJC_ROOT_CLASS = YES_ERROR;
				CLANG_WARN_RANGE_LOOP_ANALYSIS = YES;
				CLANG_WARN_STRICT_PROTOTYPES = YES;
				CLANG_WARN_SUSPICIOUS_MOVE = YES;
				CLANG_WARN_UNGUARDED_AVAILABILITY = YES_AGGRESSIVE;
				CLANG_WARN_UNREACHABLE_CODE = YES;
				CLANG_WARN__DUPLICATE_METHOD_MATCH = YES;
				CODE_SIGN_IDENTITY = "iPhone Developer";
				COPY_PHASE_STRIP = NO;
				DEBUG_INFORMATION_FORMAT = "dwarf-with-dsym";
				ENABLE_NS_ASSERTIONS = NO;
				ENABLE_STRICT_OBJC_MSGSEND = YES;
				GCC_C_LANGUAGE_STANDARD = gnu11;
				GCC_NO_COMMON_BLOCKS = YES;
				GCC_WARN_64_TO_32_BIT_CONVERSION = YES;
				GCC_WARN_ABOUT_RETURN_TYPE = YES_ERROR;
				GCC_WARN_UNDECLARED_SELECTOR = YES;
				GCC_WARN_UNINITIALIZED_AUTOS = YES_AGGRESSIVE;
				GCC_WARN_UNUSED_FUNCTION = YES;
				GCC_WARN_UNUSED_VARIABLE = YES;
				IPHONEOS_DEPLOYMENT_TARGET = 11.4;
				MTL_ENABLE_DEBUG_INFO = NO;
				SDKROOT = iphoneos;
				SWIFT_COMPILATION_MODE = wholemodule;
				SWIFT_OPTIMIZATION_LEVEL = "-O";
				VALIDATE_PRODUCT = YES;
			};
			name = Release;
		};
		D51B32B0213EC6D70049CEFA /* Debug */ = {
			isa = XCBuildConfiguration;
			buildSettings = {
				ASSETCATALOG_COMPILER_APPICON_NAME = AppIcon;
				CODE_SIGN_STYLE = Automatic;
				INFOPLIST_FILE = Hello/Info.plist;
				LD_RUNPATH_SEARCH_PATHS = (
					"$(inherited)",
					"@executable_path/Frameworks",
				);
				PRODUCT_BUNDLE_IDENTIFIER = com.bobsirasira.Hello;
				PRODUCT_NAME = "$(TARGET_NAME)";
				SWIFT_VERSION = 4.0;
				TARGETED_DEVICE_FAMILY = "1,2";
			};
			name = Debug;
		};
		D51B32B1213EC6D70049CEFA /* Release */ = {
			isa = XCBuildConfiguration;
			buildSettings = {
				ASSETCATALOG_COMPILER_APPICON_NAME = AppIcon;
				CODE_SIGN_STYLE = Automatic;
				INFOPLIST_FILE = Hello/Info.plist;
				LD_RUNPATH_SEARCH_PATHS = (
					"$(inherited)",
					"@executable_path/Frameworks",
				);
				PRODUCT_BUNDLE_IDENTIFIER = com.bobsirasira.Hello;
				PRODUCT_NAME = "$(TARGET_NAME)";
				SWIFT_VERSION = 4.0;
				TARGETED_DEVICE_FAMILY = "1,2";
			};
			name = Release;
		};
		D51B32B3213EC6D70049CEFA /* Debug */ = {
			isa = XCBuildConfiguration;
			buildSettings = {
				ALWAYS_EMBED_SWIFT_STANDARD_LIBRARIES = YES;
				BUNDLE_LOADER = "$(TEST_HOST)";
				CODE_SIGN_STYLE = Automatic;
				INFOPLIST_FILE = HelloTests/Info.plist;
				LD_RUNPATH_SEARCH_PATHS = (
					"$(inherited)",
					"@executable_path/Frameworks",
					"@loader_path/Frameworks",
				);
				PRODUCT_BUNDLE_IDENTIFIER = com.bobsirasira.HelloTests;
				PRODUCT_NAME = "$(TARGET_NAME)";
				SWIFT_VERSION = 4.0;
				TARGETED_DEVICE_FAMILY = "1,2";
				TEST_HOST = "$(BUILT_PRODUCTS_DIR)/Hello.app/Hello";
			};
			name = Debug;
		};
		D51B32B4213EC6D70049CEFA /* Release */ = {
			isa = XCBuildConfiguration;
			buildSettings = {
				ALWAYS_EMBED_SWIFT_STANDARD_LIBRARIES = YES;
				BUNDLE_LOADER = "$(TEST_HOST)";
				CODE_SIGN_STYLE = Automatic;
				INFOPLIST_FILE = HelloTests/Info.plist;
				LD_RUNPATH_SEARCH_PATHS = (
					"$(inherited)",
					"@executable_path/Frameworks",
					"@loader_path/Frameworks",
				);
				PRODUCT_BUNDLE_IDENTIFIER = com.bobsirasira.HelloTests;
				PRODUCT_NAME = "$(TARGET_NAME)";
				SWIFT_VERSION = 4.0;
				TARGETED_DEVICE_FAMILY = "1,2";
				TEST_HOST = "$(BUILT_PRODUCTS_DIR)/Hello.app/Hello";
			};
			name = Release;
		};
		D51B32B6213EC6D70049CEFA /* Debug */ = {
			isa = XCBuildConfiguration;
			buildSettings = {
				ALWAYS_EMBED_SWIFT_STANDARD_LIBRARIES = YES;
				CODE_SIGN_STYLE = Automatic;
				INFOPLIST_FILE = HelloUITests/Info.plist;
				LD_RUNPATH_SEARCH_PATHS = (
					"$(inherited)",
					"@executable_path/Frameworks",
					"@loader_path/Frameworks",
				);
				PRODUCT_BUNDLE_IDENTIFIER = com.bobsirasira.HelloUITests;
				PRODUCT_NAME = "$(TARGET_NAME)";
				SWIFT_VERSION = 4.0;
				TARGETED_DEVICE_FAMILY = "1,2";
				TEST_TARGET_NAME = Hello;
			};
			name = Debug;
		};
		D51B32B7213EC6D70049CEFA /* Release */ = {
			isa = XCBuildConfiguration;
			buildSettings = {
				ALWAYS_EMBED_SWIFT_STANDARD_LIBRARIES = YES;
				CODE_SIGN_STYLE = Automatic;
				INFOPLIST_FILE = HelloUITests/Info.plist;
				LD_RUNPATH_SEARCH_PATHS = (
					"$(inherited)",
					"@executable_path/Frameworks",
					"@loader_path/Frameworks",
				);
				PRODUCT_BUNDLE_IDENTIFIER = com.bobsirasira.HelloUITests;
				PRODUCT_NAME = "$(TARGET_NAME)";
				SWIFT_VERSION = 4.0;
				TARGETED_DEVICE_FAMILY = "1,2";
				TEST_TARGET_NAME = Hello;
			};
			name = Release;
		};
/* End XCBuildConfiguration section */

/* Begin XCConfigurationList section */
		D51B3282213EC6D40049CEFA /* Build configuration list for PBXProject "Hello" */ = {
			isa = XCConfigurationList;
			buildConfigurations = (
				D51B32AD213EC6D70049CEFA /* Debug */,
				D51B32AE213EC6D70049CEFA /* Release */,
			);
			defaultConfigurationIsVisible = 0;
			defaultConfigurationName = Release;
		};
		D51B32AF213EC6D70049CEFA /* Build configuration list for PBXNativeTarget "Hello" */ = {
			isa = XCConfigurationList;
			buildConfigurations = (
				D51B32B0213EC6D70049CEFA /* Debug */,
				D51B32B1213EC6D70049CEFA /* Release */,
			);
			defaultConfigurationIsVisible = 0;
			defaultConfigurationName = Release;
		};
		D51B32B2213EC6D70049CEFA /* Build configuration list for PBXNativeTarget "HelloTests" */ = {
			isa = XCConfigurationList;
			buildConfigurations = (
				D51B32B3213EC6D70049CEFA /* Debug */,
				D51B32B4213EC6D70049CEFA /* Release */,
			);
			defaultConfigurationIsVisible = 0;
			defaultConfigurationName = Release;
		};
		D51B32B5213EC6D70049CEFA /* Build configuration list for PBXNativeTarget "HelloUITests" */ = {
			isa = XCConfigurationList;
			buildConfigurations = (
				D51B32B6213EC6D70049CEFA /* Debug */,
				D51B32B7213EC6D70049CEFA /* Release */,
			);
			defaultConfigurationIsVisible = 0;
			defaultConfigurationName = Release;
		};
/* End XCConfigurationList section */
	};
	rootObject = D51B327F213EC6D40049CEFA /* Project object */;
}
