// !$*UTF8*$!
{
	archiveVersion = 1;
	classes = {
	};
	objectVersion = 50;
	objects = {

/* Begin PBXBuildFile section */
		D5082876214EBB6400698351 /* AppDelegate.swift in Sources */ = {isa = PBXBuildFile; fileRef = D5082875214EBB6400698351 /* AppDelegate.swift */; };
		D508287B214EBB6400698351 /* Main.storyboard in Resources */ = {isa = PBXBuildFile; fileRef = D5082879214EBB6400698351 /* Main.storyboard */; };
		D508287D214EBB6600698351 /* Assets.xcassets in Resources */ = {isa = PBXBuildFile; fileRef = D508287C214EBB6600698351 /* Assets.xcassets */; };
		D5082880214EBB6600698351 /* LaunchScreen.storyboard in Resources */ = {isa = PBXBuildFile; fileRef = D508287E214EBB6600698351 /* LaunchScreen.storyboard */; };
		D5082888214EBCA400698351 /* VideoListScreen.swift in Sources */ = {isa = PBXBuildFile; fileRef = D5082887214EBCA400698351 /* VideoListScreen.swift */; };
		D508288A214EC08800698351 /* VideoCell.swift in Sources */ = {isa = PBXBuildFile; fileRef = D5082889214EC08800698351 /* VideoCell.swift */; };
		D508288C214EC16900698351 /* Video.swift in Sources */ = {isa = PBXBuildFile; fileRef = D508288B214EC16900698351 /* Video.swift */; };
/* End PBXBuildFile section */

/* Begin PBXFileReference section */
		D5082872214EBB6400698351 /* tableviewcustomcell.app */ = {isa = PBXFileReference; explicitFileType = wrapper.application; includeInIndex = 0; path = tableviewcustomcell.app; sourceTree = BUILT_PRODUCTS_DIR; };
		D5082875214EBB6400698351 /* AppDelegate.swift */ = {isa = PBXFileReference; lastKnownFileType = sourcecode.swift; path = AppDelegate.swift; sourceTree = "<group>"; };
		D508287A214EBB6400698351 /* Base */ = {isa = PBXFileReference; lastKnownFileType = file.storyboard; name = Base; path = Base.lproj/Main.storyboard; sourceTree = "<group>"; };
		D508287C214EBB6600698351 /* Assets.xcassets */ = {isa = PBXFileReference; lastKnownFileType = folder.assetcatalog; path = Assets.xcassets; sourceTree = "<group>"; };
		D508287F214EBB6600698351 /* Base */ = {isa = PBXFileReference; lastKnownFileType = file.storyboard; name = Base; path = Base.lproj/LaunchScreen.storyboard; sourceTree = "<group>"; };
		D5082881214EBB6600698351 /* Info.plist */ = {isa = PBXFileReference; lastKnownFileType = text.plist.xml; path = Info.plist; sourceTree = "<group>"; };
		D5082887214EBCA400698351 /* VideoListScreen.swift */ = {isa = PBXFileReference; lastKnownFileType = sourcecode.swift; path = VideoListScreen.swift; sourceTree = "<group>"; };
		D5082889214EC08800698351 /* VideoCell.swift */ = {isa = PBXFileReference; lastKnownFileType = sourcecode.swift; path = VideoCell.swift; sourceTree = "<group>"; };
		D508288B214EC16900698351 /* Video.swift */ = {isa = PBXFileReference; lastKnownFileType = sourcecode.swift; path = Video.swift; sourceTree = "<group>"; };
/* End PBXFileReference section */

/* Begin PBXFrameworksBuildPhase section */
		D508286F214EBB6400698351 /* Frameworks */ = {
			isa = PBXFrameworksBuildPhase;
			buildActionMask = 2147483647;
			files = (
			);
			runOnlyForDeploymentPostprocessing = 0;
		};
/* End PBXFrameworksBuildPhase section */

/* Begin PBXGroup section */
		D5082869214EBB6400698351 = {
			isa = PBXGroup;
			children = (
				D5082874214EBB6400698351 /* tableviewcustomcell */,
				D5082873214EBB6400698351 /* Products */,
			);
			sourceTree = "<group>";
		};
		D5082873214EBB6400698351 /* Products */ = {
			isa = PBXGroup;
			children = (
				D5082872214EBB6400698351 /* tableviewcustomcell.app */,
			);
			name = Products;
			sourceTree = "<group>";
		};
		D5082874214EBB6400698351 /* tableviewcustomcell */ = {
			isa = PBXGroup;
			children = (
				D5082875214EBB6400698351 /* AppDelegate.swift */,
				D5082887214EBCA400698351 /* VideoListScreen.swift */,
				D5082889214EC08800698351 /* VideoCell.swift */,
				D508288B214EC16900698351 /* Video.swift */,
				D5082879214EBB6400698351 /* Main.storyboard */,
				D508287C214EBB6600698351 /* Assets.xcassets */,
				D508287E214EBB6600698351 /* LaunchScreen.storyboard */,
				D5082881214EBB6600698351 /* Info.plist */,
			);
			path = tableviewcustomcell;
			sourceTree = "<group>";
		};
/* End PBXGroup section */

/* Begin PBXNativeTarget section */
		D5082871214EBB6400698351 /* tableviewcustomcell */ = {
			isa = PBXNativeTarget;
			buildConfigurationList = D5082884214EBB6600698351 /* Build configuration list for PBXNativeTarget "tableviewcustomcell" */;
			buildPhases = (
				D508286E214EBB6400698351 /* Sources */,
				D508286F214EBB6400698351 /* Frameworks */,
				D5082870214EBB6400698351 /* Resources */,
			);
			buildRules = (
			);
			dependencies = (
			);
			name = tableviewcustomcell;
			productName = tableviewcustomcell;
			productReference = D5082872214EBB6400698351 /* tableviewcustomcell.app */;
			productType = "com.apple.product-type.application";
		};
/* End PBXNativeTarget section */

/* Begin PBXProject section */
		D508286A214EBB6400698351 /* Project object */ = {
			isa = PBXProject;
			attributes = {
				LastSwiftUpdateCheck = 0940;
				LastUpgradeCheck = 0940;
				ORGANIZATIONNAME = bobsirasira;
				TargetAttributes = {
					D5082871214EBB6400698351 = {
						CreatedOnToolsVersion = 9.4.1;
					};
				};
			};
			buildConfigurationList = D508286D214EBB6400698351 /* Build configuration list for PBXProject "tableviewcustomcell" */;
			compatibilityVersion = "Xcode 9.3";
			developmentRegion = en;
			hasScannedForEncodings = 0;
			knownRegions = (
				en,
				Base,
			);
			mainGroup = D5082869214EBB6400698351;
			productRefGroup = D5082873214EBB6400698351 /* Products */;
			projectDirPath = "";
			projectRoot = "";
			targets = (
				D5082871214EBB6400698351 /* tableviewcustomcell */,
			);
		};
/* End PBXProject section */

/* Begin PBXResourcesBuildPhase section */
		D5082870214EBB6400698351 /* Resources */ = {
			isa = PBXResourcesBuildPhase;
			buildActionMask = 2147483647;
			files = (
				D5082880214EBB6600698351 /* LaunchScreen.storyboard in Resources */,
				D508287D214EBB6600698351 /* Assets.xcassets in Resources */,
				D508287B214EBB6400698351 /* Main.storyboard in Resources */,
			);
			runOnlyForDeploymentPostprocessing = 0;
		};
/* End PBXResourcesBuildPhase section */

/* Begin PBXSourcesBuildPhase section */
		D508286E214EBB6400698351 /* Sources */ = {
			isa = PBXSourcesBuildPhase;
			buildActionMask = 2147483647;
			files = (
				D5082876214EBB6400698351 /* AppDelegate.swift in Sources */,
				D508288C214EC16900698351 /* Video.swift in Sources */,
				D5082888214EBCA400698351 /* VideoListScreen.swift in Sources */,
				D508288A214EC08800698351 /* VideoCell.swift in Sources */,
			);
			runOnlyForDeploymentPostprocessing = 0;
		};
/* End PBXSourcesBuildPhase section */

/* Begin PBXVariantGroup section */
		D5082879214EBB6400698351 /* Main.storyboard */ = {
			isa = PBXVariantGroup;
			children = (
				D508287A214EBB6400698351 /* Base */,
			);
			name = Main.storyboard;
			sourceTree = "<group>";
		};
		D508287E214EBB6600698351 /* LaunchScreen.storyboard */ = {
			isa = PBXVariantGroup;
			children = (
				D508287F214EBB6600698351 /* Base */,
			);
			name = LaunchScreen.storyboard;
			sourceTree = "<group>";
		};
/* End PBXVariantGroup section */

/* Begin XCBuildConfiguration section */
		D5082882214EBB6600698351 /* Debug */ = {
			isa = XCBuildConfiguration;
			buildSettings = {
				ALWAYS_SEARCH_USER_PATHS = NO;
				CLANG_ANALYZER_NONNULL = YES;
				CLANG_ANALYZER_NUMBER_OBJECT_CONVERSION = YES_AGGRESSIVE;
				CLANG_CXX_LANGUAGE_STANDARD = "gnu++14";
				CLANG_CXX_LIBRARY = "libc++";
				CLANG_ENABLE_MODULES = YES;
				CLANG_ENABLE_OBJC_ARC = YES;
				CLANG_ENABLE_OBJC_WEAK = YES;
				CLANG_WARN_BLOCK_CAPTURE_AUTORELEASING = YES;
				CLANG_WARN_BOOL_CONVERSION = YES;
				CLANG_WARN_COMMA = YES;
				CLANG_WARN_CONSTANT_CONVERSION = YES;
				CLANG_WARN_DEPRECATED_OBJC_IMPLEMENTATIONS = YES;
				CLANG_WARN_DIRECT_OBJC_ISA_USAGE = YES_ERROR;
				CLANG_WARN_DOCUMENTATION_COMMENTS = YES;
				CLANG_WARN_EMPTY_BODY = YES;
				CLANG_WARN_ENUM_CONVERSION = YES;
				CLANG_WARN_INFINITE_RECURSION = YES;
				CLANG_WARN_INT_CONVERSION = YES;
				CLANG_WARN_NON_LITERAL_NULL_CONVERSION = YES;
				CLANG_WARN_OBJC_IMPLICIT_RETAIN_SELF = YES;
				CLANG_WARN_OBJC_LITERAL_CONVERSION = YES;
				CLANG_WARN_OBJC_ROOT_CLASS = YES_ERROR;
				CLANG_WARN_RANGE_LOOP_ANALYSIS = YES;
				CLANG_WARN_STRICT_PROTOTYPES = YES;
				CLANG_WARN_SUSPICIOUS_MOVE = YES;
				CLANG_WARN_UNGUARDED_AVAILABILITY = YES_AGGRESSIVE;
				CLANG_WARN_UNREACHABLE_CODE = YES;
				CLANG_WARN__DUPLICATE_METHOD_MATCH = YES;
				CODE_SIGN_IDENTITY = "iPhone Developer";
				COPY_PHASE_STRIP = NO;
				DEBUG_INFORMATION_FORMAT = dwarf;
				ENABLE_STRICT_OBJC_MSGSEND = YES;
				ENABLE_TESTABILITY = YES;
				GCC_C_LANGUAGE_STANDARD = gnu11;
				GCC_DYNAMIC_NO_PIC = NO;
				GCC_NO_COMMON_BLOCKS = YES;
				GCC_OPTIMIZATION_LEVEL = 0;
				GCC_PREPROCESSOR_DEFINITIONS = (
					"DEBUG=1",
					"$(inherited)",
				);
				GCC_WARN_64_TO_32_BIT_CONVERSION = YES;
				GCC_WARN_ABOUT_RETURN_TYPE = YES_ERROR;
				GCC_WARN_UNDECLARED_SELECTOR = YES;
				GCC_WARN_UNINITIALIZED_AUTOS = YES_AGGRESSIVE;
				GCC_WARN_UNUSED_FUNCTION = YES;
				GCC_WARN_UNUSED_VARIABLE = YES;
				IPHONEOS_DEPLOYMENT_TARGET = 11.4;
				MTL_ENABLE_DEBUG_INFO = YES;
				ONLY_ACTIVE_ARCH = YES;
				SDKROOT = iphoneos;
				SWIFT_ACTIVE_COMPILATION_CONDITIONS = DEBUG;
				SWIFT_OPTIMIZATION_LEVEL = "-Onone";
			};
			name = Debug;
		};
		D5082883214EBB6600698351 /* Release */ = {
			isa = XCBuildConfiguration;
			buildSettings = {
				ALWAYS_SEARCH_USER_PATHS = NO;
				CLANG_ANALYZER_NONNULL = YES;
				CLANG_ANALYZER_NUMBER_OBJECT_CONVERSION = YES_AGGRESSIVE;
				CLANG_CXX_LANGUAGE_STANDARD = "gnu++14";
				CLANG_CXX_LIBRARY = "libc++";
				CLANG_ENABLE_MODULES = YES;
				CLANG_ENABLE_OBJC_ARC = YES;
				CLANG_ENABLE_OBJC_WEAK = YES;
				CLANG_WARN_BLOCK_CAPTURE_AUTORELEASING = YES;
				CLANG_WARN_BOOL_CONVERSION = YES;
				CLANG_WARN_COMMA = YES;
				CLANG_WARN_CONSTANT_CONVERSION = YES;
				CLANG_WARN_DEPRECATED_OBJC_IMPLEMENTATIONS = YES;
				CLANG_WARN_DIRECT_OBJC_ISA_USAGE = YES_ERROR;
				CLANG_WARN_DOCUMENTATION_COMMENTS = YES;
				CLANG_WARN_EMPTY_BODY = YES;
				CLANG_WARN_ENUM_CONVERSION = YES;
				CLANG_WARN_INFINITE_RECURSION = YES;
				CLANG_WARN_INT_CONVERSION = YES;
				CLANG_WARN_NON_LITERAL_NULL_CONVERSION = YES;
				CLANG_WARN_OBJC_IMPLICIT_RETAIN_SELF = YES;
				CLANG_WARN_OBJC_LITERAL_CONVERSION = YES;
				CLANG_WARN_OBJC_ROOT_CLASS = YES_ERROR;
				CLANG_WARN_RANGE_LOOP_ANALYSIS = YES;
				CLANG_WARN_STRICT_PROTOTYPES = YES;
				CLANG_WARN_SUSPICIOUS_MOVE = YES;
				CLANG_WARN_UNGUARDED_AVAILABILITY = YES_AGGRESSIVE;
				CLANG_WARN_UNREACHABLE_CODE = YES;
				CLANG_WARN__DUPLICATE_METHOD_MATCH = YES;
				CODE_SIGN_IDENTITY = "iPhone Developer";
				COPY_PHASE_STRIP = NO;
				DEBUG_INFORMATION_FORMAT = "dwarf-with-dsym";
				ENABLE_NS_ASSERTIONS = NO;
				ENABLE_STRICT_OBJC_MSGSEND = YES;
				GCC_C_LANGUAGE_STANDARD = gnu11;
				GCC_NO_COMMON_BLOCKS = YES;
				GCC_WARN_64_TO_32_BIT_CONVERSION = YES;
				GCC_WARN_ABOUT_RETURN_TYPE = YES_ERROR;
				GCC_WARN_UNDECLARED_SELECTOR = YES;
				GCC_WARN_UNINITIALIZED_AUTOS = YES_AGGRESSIVE;
				GCC_WARN_UNUSED_FUNCTION = YES;
				GCC_WARN_UNUSED_VARIABLE = YES;
				IPHONEOS_DEPLOYMENT_TARGET = 11.4;
				MTL_ENABLE_DEBUG_INFO = NO;
				SDKROOT = iphoneos;
				SWIFT_COMPILATION_MODE = wholemodule;
				SWIFT_OPTIMIZATION_LEVEL = "-O";
				VALIDATE_PRODUCT = YES;
			};
			name = Release;
		};
		D5082885214EBB6600698351 /* Debug */ = {
			isa = XCBuildConfiguration;
			buildSettings = {
				ASSETCATALOG_COMPILER_APPICON_NAME = AppIcon;
				CODE_SIGN_STYLE = Automatic;
				INFOPLIST_FILE = tableviewcustomcell/Info.plist;
				LD_RUNPATH_SEARCH_PATHS = (
					"$(inherited)",
					"@executable_path/Frameworks",
				);
				PRODUCT_BUNDLE_IDENTIFIER = com.tableviewcustomcell;
				PRODUCT_NAME = "$(TARGET_NAME)";
				SWIFT_VERSION = 4.0;
				TARGETED_DEVICE_FAMILY = "1,2";
			};
			name = Debug;
		};
		D5082886214EBB6600698351 /* Release */ = {
			isa = XCBuildConfiguration;
			buildSettings = {
				ASSETCATALOG_COMPILER_APPICON_NAME = AppIcon;
				CODE_SIGN_STYLE = Automatic;
				INFOPLIST_FILE = tableviewcustomcell/Info.plist;
				LD_RUNPATH_SEARCH_PATHS = (
					"$(inherited)",
					"@executable_path/Frameworks",
				);
				PRODUCT_BUNDLE_IDENTIFIER = com.tableviewcustomcell;
				PRODUCT_NAME = "$(TARGET_NAME)";
				SWIFT_VERSION = 4.0;
				TARGETED_DEVICE_FAMILY = "1,2";
			};
			name = Release;
		};
/* End XCBuildConfiguration section */

/* Begin XCConfigurationList section */
		D508286D214EBB6400698351 /* Build configuration list for PBXProject "tableviewcustomcell" */ = {
			isa = XCConfigurationList;
			buildConfigurations = (
				D5082882214EBB6600698351 /* Debug */,
				D5082883214EBB6600698351 /* Release */,
			);
			defaultConfigurationIsVisible = 0;
			defaultConfigurationName = Release;
		};
		D5082884214EBB6600698351 /* Build configuration list for PBXNativeTarget "tableviewcustomcell" */ = {
			isa = XCConfigurationList;
			buildConfigurations = (
				D5082885214EBB6600698351 /* Debug */,
				D5082886214EBB6600698351 /* Release */,
			);
			defaultConfigurationIsVisible = 0;
			defaultConfigurationName = Release;
		};
/* End XCConfigurationList section */
	};
	rootObject = D508286A214EBB6400698351 /* Project object */;
}
