// !$*UTF8*$!
{
	archiveVersion = 1;
	classes = {
	};
	objectVersion = 50;
	objects = {

/* Begin PBXBuildFile section */
		D54BE0C72164FF6A0098BC74 /* AppDelegate.swift in Sources */ = {isa = PBXBuildFile; fileRef = D54BE0C62164FF6A0098BC74 /* AppDelegate.swift */; };
		D54BE0C92164FF6A0098BC74 /* ViewController.swift in Sources */ = {isa = PBXBuildFile; fileRef = D54BE0C82164FF6A0098BC74 /* ViewController.swift */; };
		D54BE0CC2164FF6A0098BC74 /* Main.storyboard in Resources */ = {isa = PBXBuildFile; fileRef = D54BE0CA2164FF6A0098BC74 /* Main.storyboard */; };
		D54BE0CF2164FF6A0098BC74 /* coredatatest.xcdatamodeld in Sources */ = {isa = PBXBuildFile; fileRef = D54BE0CD2164FF6A0098BC74 /* coredatatest.xcdatamodeld */; };
		D54BE0D12164FF6B0098BC74 /* Assets.xcassets in Resources */ = {isa = PBXBuildFile; fileRef = D54BE0D02164FF6B0098BC74 /* Assets.xcassets */; };
		D54BE0D42164FF6B0098BC74 /* LaunchScreen.storyboard in Resources */ = {isa = PBXBuildFile; fileRef = D54BE0D22164FF6B0098BC74 /* LaunchScreen.storyboard */; };
/* End PBXBuildFile section */

/* Begin PBXFileReference section */
		D54BE0C32164FF6A0098BC74 /* coredatatest.app */ = {isa = PBXFileReference; explicitFileType = wrapper.application; includeInIndex = 0; path = coredatatest.app; sourceTree = BUILT_PRODUCTS_DIR; };
		D54BE0C62164FF6A0098BC74 /* AppDelegate.swift */ = {isa = PBXFileReference; lastKnownFileType = sourcecode.swift; path = AppDelegate.swift; sourceTree = "<group>"; };
		D54BE0C82164FF6A0098BC74 /* ViewController.swift */ = {isa = PBXFileReference; lastKnownFileType = sourcecode.swift; path = ViewController.swift; sourceTree = "<group>"; };
		D54BE0CB2164FF6A0098BC74 /* Base */ = {isa = PBXFileReference; lastKnownFileType = file.storyboard; name = Base; path = Base.lproj/Main.storyboard; sourceTree = "<group>"; };
		D54BE0CE2164FF6A0098BC74 /* coredatatest.xcdatamodel */ = {isa = PBXFileReference; lastKnownFileType = wrapper.xcdatamodel; path = coredatatest.xcdatamodel; sourceTree = "<group>"; };
		D54BE0D02164FF6B0098BC74 /* Assets.xcassets */ = {isa = PBXFileReference; lastKnownFileType = folder.assetcatalog; path = Assets.xcassets; sourceTree = "<group>"; };
		D54BE0D32164FF6B0098BC74 /* Base */ = {isa = PBXFileReference; lastKnownFileType = file.storyboard; name = Base; path = Base.lproj/LaunchScreen.storyboard; sourceTree = "<group>"; };
		D54BE0D52164FF6B0098BC74 /* Info.plist */ = {isa = PBXFileReference; lastKnownFileType = text.plist.xml; path = Info.plist; sourceTree = "<group>"; };
/* End PBXFileReference section */

/* Begin PBXFrameworksBuildPhase section */
		D54BE0C02164FF6A0098BC74 /* Frameworks */ = {
			isa = PBXFrameworksBuildPhase;
			buildActionMask = 2147483647;
			files = (
			);
			runOnlyForDeploymentPostprocessing = 0;
		};
/* End PBXFrameworksBuildPhase section */

/* Begin PBXGroup section */
		D54BE0BA2164FF6A0098BC74 = {
			isa = PBXGroup;
			children = (
				D54BE0C52164FF6A0098BC74 /* coredatatest */,
				D54BE0C42164FF6A0098BC74 /* Products */,
			);
			sourceTree = "<group>";
		};
		D54BE0C42164FF6A0098BC74 /* Products */ = {
			isa = PBXGroup;
			children = (
				D54BE0C32164FF6A0098BC74 /* coredatatest.app */,
			);
			name = Products;
			sourceTree = "<group>";
		};
		D54BE0C52164FF6A0098BC74 /* coredatatest */ = {
			isa = PBXGroup;
			children = (
				D54BE0C62164FF6A0098BC74 /* AppDelegate.swift */,
				D54BE0C82164FF6A0098BC74 /* ViewController.swift */,
				D54BE0CA2164FF6A0098BC74 /* Main.storyboard */,
				D54BE0D02164FF6B0098BC74 /* Assets.xcassets */,
				D54BE0D22164FF6B0098BC74 /* LaunchScreen.storyboard */,
				D54BE0D52164FF6B0098BC74 /* Info.plist */,
				D54BE0CD2164FF6A0098BC74 /* coredatatest.xcdatamodeld */,
			);
			path = coredatatest;
			sourceTree = "<group>";
		};
/* End PBXGroup section */

/* Begin PBXNativeTarget section */
		D54BE0C22164FF6A0098BC74 /* coredatatest */ = {
			isa = PBXNativeTarget;
			buildConfigurationList = D54BE0D82164FF6B0098BC74 /* Build configuration list for PBXNativeTarget "coredatatest" */;
			buildPhases = (
				D54BE0BF2164FF6A0098BC74 /* Sources */,
				D54BE0C02164FF6A0098BC74 /* Frameworks */,
				D54BE0C12164FF6A0098BC74 /* Resources */,
			);
			buildRules = (
			);
			dependencies = (
			);
			name = coredatatest;
			productName = coredatatest;
			productReference = D54BE0C32164FF6A0098BC74 /* coredatatest.app */;
			productType = "com.apple.product-type.application";
		};
/* End PBXNativeTarget section */

/* Begin PBXProject section */
		D54BE0BB2164FF6A0098BC74 /* Project object */ = {
			isa = PBXProject;
			attributes = {
				LastSwiftUpdateCheck = 1000;
				LastUpgradeCheck = 1000;
				ORGANIZATIONNAME = bobsirasira;
				TargetAttributes = {
					D54BE0C22164FF6A0098BC74 = {
						CreatedOnToolsVersion = 10.0;
					};
				};
			};
			buildConfigurationList = D54BE0BE2164FF6A0098BC74 /* Build configuration list for PBXProject "coredatatest" */;
			compatibilityVersion = "Xcode 9.3";
			developmentRegion = en;
			hasScannedForEncodings = 0;
			knownRegions = (
				en,
				Base,
			);
			mainGroup = D54BE0BA2164FF6A0098BC74;
			productRefGroup = D54BE0C42164FF6A0098BC74 /* Products */;
			projectDirPath = "";
			projectRoot = "";
			targets = (
				D54BE0C22164FF6A0098BC74 /* coredatatest */,
			);
		};
/* End PBXProject section */

/* Begin PBXResourcesBuildPhase section */
		D54BE0C12164FF6A0098BC74 /* Resources */ = {
			isa = PBXResourcesBuildPhase;
			buildActionMask = 2147483647;
			files = (
				D54BE0D42164FF6B0098BC74 /* LaunchScreen.storyboard in Resources */,
				D54BE0D12164FF6B0098BC74 /* Assets.xcassets in Resources */,
				D54BE0CC2164FF6A0098BC74 /* Main.storyboard in Resources */,
			);
			runOnlyForDeploymentPostprocessing = 0;
		};
/* End PBXResourcesBuildPhase section */

/* Begin PBXSourcesBuildPhase section */
		D54BE0BF2164FF6A0098BC74 /* Sources */ = {
			isa = PBXSourcesBuildPhase;
			buildActionMask = 2147483647;
			files = (
				D54BE0C92164FF6A0098BC74 /* ViewController.swift in Sources */,
				D54BE0C72164FF6A0098BC74 /* AppDelegate.swift in Sources */,
				D54BE0CF2164FF6A0098BC74 /* coredatatest.xcdatamodeld in Sources */,
			);
			runOnlyForDeploymentPostprocessing = 0;
		};
/* End PBXSourcesBuildPhase section */

/* Begin PBXVariantGroup section */
		D54BE0CA2164FF6A0098BC74 /* Main.storyboard */ = {
			isa = PBXVariantGroup;
			children = (
				D54BE0CB2164FF6A0098BC74 /* Base */,
			);
			name = Main.storyboard;
			sourceTree = "<group>";
		};
		D54BE0D22164FF6B0098BC74 /* LaunchScreen.storyboard */ = {
			isa = PBXVariantGroup;
			children = (
				D54BE0D32164FF6B0098BC74 /* Base */,
			);
			name = LaunchScreen.storyboard;
			sourceTree = "<group>";
		};
/* End PBXVariantGroup section */

/* Begin XCBuildConfiguration section */
		D54BE0D62164FF6B0098BC74 /* Debug */ = {
			isa = XCBuildConfiguration;
			buildSettings = {
				ALWAYS_SEARCH_USER_PATHS = NO;
				CLANG_ANALYZER_NONNULL = YES;
				CLANG_ANALYZER_NUMBER_OBJECT_CONVERSION = YES_AGGRESSIVE;
				CLANG_CXX_LANGUAGE_STANDARD = "gnu++14";
				CLANG_CXX_LIBRARY = "libc++";
				CLANG_ENABLE_MODULES = YES;
				CLANG_ENABLE_OBJC_ARC = YES;
				CLANG_ENABLE_OBJC_WEAK = YES;
				CLANG_WARN_BLOCK_CAPTURE_AUTORELEASING = YES;
				CLANG_WARN_BOOL_CONVERSION = YES;
				CLANG_WARN_COMMA = YES;
				CLANG_WARN_CONSTANT_CONVERSION = YES;
				CLANG_WARN_DEPRECATED_OBJC_IMPLEMENTATIONS = YES;
				CLANG_WARN_DIRECT_OBJC_ISA_USAGE = YES_ERROR;
				CLANG_WARN_DOCUMENTATION_COMMENTS = YES;
				CLANG_WARN_EMPTY_BODY = YES;
				CLANG_WARN_ENUM_CONVERSION = YES;
				CLANG_WARN_INFINITE_RECURSION = YES;
				CLANG_WARN_INT_CONVERSION = YES;
				CLANG_WARN_NON_LITERAL_NULL_CONVERSION = YES;
				CLANG_WARN_OBJC_IMPLICIT_RETAIN_SELF = YES;
				CLANG_WARN_OBJC_LITERAL_CONVERSION = YES;
				CLANG_WARN_OBJC_ROOT_CLASS = YES_ERROR;
				CLANG_WARN_RANGE_LOOP_ANALYSIS = YES;
				CLANG_WARN_STRICT_PROTOTYPES = YES;
				CLANG_WARN_SUSPICIOUS_MOVE = YES;
				CLANG_WARN_UNGUARDED_AVAILABILITY = YES_AGGRESSIVE;
				CLANG_WARN_UNREACHABLE_CODE = YES;
				CLANG_WARN__DUPLICATE_METHOD_MATCH = YES;
				CODE_SIGN_IDENTITY = "iPhone Developer";
				COPY_PHASE_STRIP = NO;
				DEBUG_INFORMATION_FORMAT = dwarf;
				ENABLE_STRICT_OBJC_MSGSEND = YES;
				ENABLE_TESTABILITY = YES;
				GCC_C_LANGUAGE_STANDARD = gnu11;
				GCC_DYNAMIC_NO_PIC = NO;
				GCC_NO_COMMON_BLOCKS = YES;
				GCC_OPTIMIZATION_LEVEL = 0;
				GCC_PREPROCESSOR_DEFINITIONS = (
					"DEBUG=1",
					"$(inherited)",
				);
				GCC_WARN_64_TO_32_BIT_CONVERSION = YES;
				GCC_WARN_ABOUT_RETURN_TYPE = YES_ERROR;
				GCC_WARN_UNDECLARED_SELECTOR = YES;
				GCC_WARN_UNINITIALIZED_AUTOS = YES_AGGRESSIVE;
				GCC_WARN_UNUSED_FUNCTION = YES;
				GCC_WARN_UNUSED_VARIABLE = YES;
				IPHONEOS_DEPLOYMENT_TARGET = 12.0;
				MTL_ENABLE_DEBUG_INFO = INCLUDE_SOURCE;
				MTL_FAST_MATH = YES;
				ONLY_ACTIVE_ARCH = YES;
				SDKROOT = iphoneos;
				SWIFT_ACTIVE_COMPILATION_CONDITIONS = DEBUG;
				SWIFT_OPTIMIZATION_LEVEL = "-Onone";
			};
			name = Debug;
		};
		D54BE0D72164FF6B0098BC74 /* Release */ = {
			isa = XCBuildConfiguration;
			buildSettings = {
				ALWAYS_SEARCH_USER_PATHS = NO;
				CLANG_ANALYZER_NONNULL = YES;
				CLANG_ANALYZER_NUMBER_OBJECT_CONVERSION = YES_AGGRESSIVE;
				CLANG_CXX_LANGUAGE_STANDARD = "gnu++14";
				CLANG_CXX_LIBRARY = "libc++";
				CLANG_ENABLE_MODULES = YES;
				CLANG_ENABLE_OBJC_ARC = YES;
				CLANG_ENABLE_OBJC_WEAK = YES;
				CLANG_WARN_BLOCK_CAPTURE_AUTORELEASING = YES;
				CLANG_WARN_BOOL_CONVERSION = YES;
				CLANG_WARN_COMMA = YES;
				CLANG_WARN_CONSTANT_CONVERSION = YES;
				CLANG_WARN_DEPRECATED_OBJC_IMPLEMENTATIONS = YES;
				CLANG_WARN_DIRECT_OBJC_ISA_USAGE = YES_ERROR;
				CLANG_WARN_DOCUMENTATION_COMMENTS = YES;
				CLANG_WARN_EMPTY_BODY = YES;
				CLANG_WARN_ENUM_CONVERSION = YES;
				CLANG_WARN_INFINITE_RECURSION = YES;
				CLANG_WARN_INT_CONVERSION = YES;
				CLANG_WARN_NON_LITERAL_NULL_CONVERSION = YES;
				CLANG_WARN_OBJC_IMPLICIT_RETAIN_SELF = YES;
				CLANG_WARN_OBJC_LITERAL_CONVERSION = YES;
				CLANG_WARN_OBJC_ROOT_CLASS = YES_ERROR;
				CLANG_WARN_RANGE_LOOP_ANALYSIS = YES;
				CLANG_WARN_STRICT_PROTOTYPES = YES;
				CLANG_WARN_SUSPICIOUS_MOVE = YES;
				CLANG_WARN_UNGUARDED_AVAILABILITY = YES_AGGRESSIVE;
				CLANG_WARN_UNREACHABLE_CODE = YES;
				CLANG_WARN__DUPLICATE_METHOD_MATCH = YES;
				CODE_SIGN_IDENTITY = "iPhone Developer";
				COPY_PHASE_STRIP = NO;
				DEBUG_INFORMATION_FORMAT = "dwarf-with-dsym";
				ENABLE_NS_ASSERTIONS = NO;
				ENABLE_STRICT_OBJC_MSGSEND = YES;
				GCC_C_LANGUAGE_STANDARD = gnu11;
				GCC_NO_COMMON_BLOCKS = YES;
				GCC_WARN_64_TO_32_BIT_CONVERSION = YES;
				GCC_WARN_ABOUT_RETURN_TYPE = YES_ERROR;
				GCC_WARN_UNDECLARED_SELECTOR = YES;
				GCC_WARN_UNINITIALIZED_AUTOS = YES_AGGRESSIVE;
				GCC_WARN_UNUSED_FUNCTION = YES;
				GCC_WARN_UNUSED_VARIABLE = YES;
				IPHONEOS_DEPLOYMENT_TARGET = 12.0;
				MTL_ENABLE_DEBUG_INFO = NO;
				MTL_FAST_MATH = YES;
				SDKROOT = iphoneos;
				SWIFT_COMPILATION_MODE = wholemodule;
				SWIFT_OPTIMIZATION_LEVEL = "-O";
				VALIDATE_PRODUCT = YES;
			};
			name = Release;
		};
		D54BE0D92164FF6B0098BC74 /* Debug */ = {
			isa = XCBuildConfiguration;
			buildSettings = {
				ASSETCATALOG_COMPILER_APPICON_NAME = AppIcon;
				CODE_SIGN_STYLE = Automatic;
				INFOPLIST_FILE = coredatatest/Info.plist;
				LD_RUNPATH_SEARCH_PATHS = (
					"$(inherited)",
					"@executable_path/Frameworks",
				);
				PRODUCT_BUNDLE_IDENTIFIER = com.coredatatest;
				PRODUCT_NAME = "$(TARGET_NAME)";
				SWIFT_VERSION = 4.2;
				TARGETED_DEVICE_FAMILY = "1,2";
			};
			name = Debug;
		};
		D54BE0DA2164FF6B0098BC74 /* Release */ = {
			isa = XCBuildConfiguration;
			buildSettings = {
				ASSETCATALOG_COMPILER_APPICON_NAME = AppIcon;
				CODE_SIGN_STYLE = Automatic;
				INFOPLIST_FILE = coredatatest/Info.plist;
				LD_RUNPATH_SEARCH_PATHS = (
					"$(inherited)",
					"@executable_path/Frameworks",
				);
				PRODUCT_BUNDLE_IDENTIFIER = com.coredatatest;
				PRODUCT_NAME = "$(TARGET_NAME)";
				SWIFT_VERSION = 4.2;
				TARGETED_DEVICE_FAMILY = "1,2";
			};
			name = Release;
		};
/* End XCBuildConfiguration section */

/* Begin XCConfigurationList section */
		D54BE0BE2164FF6A0098BC74 /* Build configuration list for PBXProject "coredatatest" */ = {
			isa = XCConfigurationList;
			buildConfigurations = (
				D54BE0D62164FF6B0098BC74 /* Debug */,
				D54BE0D72164FF6B0098BC74 /* Release */,
			);
			defaultConfigurationIsVisible = 0;
			defaultConfigurationName = Release;
		};
		D54BE0D82164FF6B0098BC74 /* Build configuration list for PBXNativeTarget "coredatatest" */ = {
			isa = XCConfigurationList;
			buildConfigurations = (
				D54BE0D92164FF6B0098BC74 /* Debug */,
				D54BE0DA2164FF6B0098BC74 /* Release */,
			);
			defaultConfigurationIsVisible = 0;
			defaultConfigurationName = Release;
		};
/* End XCConfigurationList section */

/* Begin XCVersionGroup section */
		D54BE0CD2164FF6A0098BC74 /* coredatatest.xcdatamodeld */ = {
			isa = XCVersionGroup;
			children = (
				D54BE0CE2164FF6A0098BC74 /* coredatatest.xcdatamodel */,
			);
			currentVersion = D54BE0CE2164FF6A0098BC74 /* coredatatest.xcdatamodel */;
			path = coredatatest.xcdatamodeld;
			sourceTree = "<group>";
			versionGroupType = wrapper.xcdatamodel;
		};
/* End XCVersionGroup section */
	};
	rootObject = D54BE0BB2164FF6A0098BC74 /* Project object */;
}
