// !$*UTF8*$!
{
	archiveVersion = 1;
	classes = {
	};
	objectVersion = 50;
	objects = {

/* Begin PBXBuildFile section */
		D59144D921452A11001AD73D /* AppDelegate.swift in Sources */ = {isa = PBXBuildFile; fileRef = D59144D821452A11001AD73D /* AppDelegate.swift */; };
		D59144DB21452A11001AD73D /* MainVC.swift in Sources */ = {isa = PBXBuildFile; fileRef = D59144DA21452A11001AD73D /* MainVC.swift */; };
		D59144DE21452A11001AD73D /* Main.storyboard in Resources */ = {isa = PBXBuildFile; fileRef = D59144DC21452A11001AD73D /* Main.storyboard */; };
		D59144E021452A12001AD73D /* Assets.xcassets in Resources */ = {isa = PBXBuildFile; fileRef = D59144DF21452A12001AD73D /* Assets.xcassets */; };
		D59144E321452A12001AD73D /* LaunchScreen.storyboard in Resources */ = {isa = PBXBuildFile; fileRef = D59144E121452A12001AD73D /* LaunchScreen.storyboard */; };
		D59144EE21453622001AD73D /* VideoVC.swift in Sources */ = {isa = PBXBuildFile; fileRef = D59144ED21453622001AD73D /* VideoVC.swift */; };
		D59144F021453875001AD73D /* PartyCell.swift in Sources */ = {isa = PBXBuildFile; fileRef = D59144EF21453875001AD73D /* PartyCell.swift */; };
		D59144F221453B92001AD73D /* PartyRock.swift in Sources */ = {isa = PBXBuildFile; fileRef = D59144F121453B92001AD73D /* PartyRock.swift */; };
/* End PBXBuildFile section */

/* Begin PBXFileReference section */
		D59144D521452A11001AD73D /* PartyRockApp.app */ = {isa = PBXFileReference; explicitFileType = wrapper.application; includeInIndex = 0; path = PartyRockApp.app; sourceTree = BUILT_PRODUCTS_DIR; };
		D59144D821452A11001AD73D /* AppDelegate.swift */ = {isa = PBXFileReference; lastKnownFileType = sourcecode.swift; path = AppDelegate.swift; sourceTree = "<group>"; };
		D59144DA21452A11001AD73D /* MainVC.swift */ = {isa = PBXFileReference; lastKnownFileType = sourcecode.swift; path = MainVC.swift; sourceTree = "<group>"; };
		D59144DD21452A11001AD73D /* Base */ = {isa = PBXFileReference; lastKnownFileType = file.storyboard; name = Base; path = Base.lproj/Main.storyboard; sourceTree = "<group>"; };
		D59144DF21452A12001AD73D /* Assets.xcassets */ = {isa = PBXFileReference; lastKnownFileType = folder.assetcatalog; path = Assets.xcassets; sourceTree = "<group>"; };
		D59144E221452A12001AD73D /* Base */ = {isa = PBXFileReference; lastKnownFileType = file.storyboard; name = Base; path = Base.lproj/LaunchScreen.storyboard; sourceTree = "<group>"; };
		D59144E421452A12001AD73D /* Info.plist */ = {isa = PBXFileReference; lastKnownFileType = text.plist.xml; path = Info.plist; sourceTree = "<group>"; };
		D59144ED21453622001AD73D /* VideoVC.swift */ = {isa = PBXFileReference; lastKnownFileType = sourcecode.swift; path = VideoVC.swift; sourceTree = "<group>"; };
		D59144EF21453875001AD73D /* PartyCell.swift */ = {isa = PBXFileReference; lastKnownFileType = sourcecode.swift; path = PartyCell.swift; sourceTree = "<group>"; };
		D59144F121453B92001AD73D /* PartyRock.swift */ = {isa = PBXFileReference; lastKnownFileType = sourcecode.swift; path = PartyRock.swift; sourceTree = "<group>"; };
/* End PBXFileReference section */

/* Begin PBXFrameworksBuildPhase section */
		D59144D221452A11001AD73D /* Frameworks */ = {
			isa = PBXFrameworksBuildPhase;
			buildActionMask = 2147483647;
			files = (
			);
			runOnlyForDeploymentPostprocessing = 0;
		};
/* End PBXFrameworksBuildPhase section */

/* Begin PBXGroup section */
		D59144CC21452A11001AD73D = {
			isa = PBXGroup;
			children = (
				D59144D721452A11001AD73D /* PartyRockApp */,
				D59144D621452A11001AD73D /* Products */,
			);
			sourceTree = "<group>";
		};
		D59144D621452A11001AD73D /* Products */ = {
			isa = PBXGroup;
			children = (
				D59144D521452A11001AD73D /* PartyRockApp.app */,
			);
			name = Products;
			sourceTree = "<group>";
		};
		D59144D721452A11001AD73D /* PartyRockApp */ = {
			isa = PBXGroup;
			children = (
				D59144EC21452AC1001AD73D /* View */,
				D59144EB21452AB8001AD73D /* Model */,
				D59144EA21452A9A001AD73D /* Controller */,
				D59144D821452A11001AD73D /* AppDelegate.swift */,
				D59144DC21452A11001AD73D /* Main.storyboard */,
				D59144E121452A12001AD73D /* LaunchScreen.storyboard */,
				D59144DF21452A12001AD73D /* Assets.xcassets */,
				D59144E421452A12001AD73D /* Info.plist */,
			);
			path = PartyRockApp;
			sourceTree = "<group>";
		};
		D59144EA21452A9A001AD73D /* Controller */ = {
			isa = PBXGroup;
			children = (
				D59144DA21452A11001AD73D /* MainVC.swift */,
				D59144ED21453622001AD73D /* VideoVC.swift */,
			);
			path = Controller;
			sourceTree = "<group>";
		};
		D59144EB21452AB8001AD73D /* Model */ = {
			isa = PBXGroup;
			children = (
				D59144F121453B92001AD73D /* PartyRock.swift */,
			);
			path = Model;
			sourceTree = "<group>";
		};
		D59144EC21452AC1001AD73D /* View */ = {
			isa = PBXGroup;
			children = (
				D59144EF21453875001AD73D /* PartyCell.swift */,
			);
			path = View;
			sourceTree = "<group>";
		};
/* End PBXGroup section */

/* Begin PBXNativeTarget section */
		D59144D421452A11001AD73D /* PartyRockApp */ = {
			isa = PBXNativeTarget;
			buildConfigurationList = D59144E721452A12001AD73D /* Build configuration list for PBXNativeTarget "PartyRockApp" */;
			buildPhases = (
				D59144D121452A11001AD73D /* Sources */,
				D59144D221452A11001AD73D /* Frameworks */,
				D59144D321452A11001AD73D /* Resources */,
			);
			buildRules = (
			);
			dependencies = (
			);
			name = PartyRockApp;
			productName = PartyRockApp;
			productReference = D59144D521452A11001AD73D /* PartyRockApp.app */;
			productType = "com.apple.product-type.application";
		};
/* End PBXNativeTarget section */

/* Begin PBXProject section */
		D59144CD21452A11001AD73D /* Project object */ = {
			isa = PBXProject;
			attributes = {
				LastSwiftUpdateCheck = 0940;
				LastUpgradeCheck = 0940;
				ORGANIZATIONNAME = bobsirasira;
				TargetAttributes = {
					D59144D421452A11001AD73D = {
						CreatedOnToolsVersion = 9.4.1;
					};
				};
			};
			buildConfigurationList = D59144D021452A11001AD73D /* Build configuration list for PBXProject "PartyRockApp" */;
			compatibilityVersion = "Xcode 9.3";
			developmentRegion = en;
			hasScannedForEncodings = 0;
			knownRegions = (
				en,
				Base,
			);
			mainGroup = D59144CC21452A11001AD73D;
			productRefGroup = D59144D621452A11001AD73D /* Products */;
			projectDirPath = "";
			projectRoot = "";
			targets = (
				D59144D421452A11001AD73D /* PartyRockApp */,
			);
		};
/* End PBXProject section */

/* Begin PBXResourcesBuildPhase section */
		D59144D321452A11001AD73D /* Resources */ = {
			isa = PBXResourcesBuildPhase;
			buildActionMask = 2147483647;
			files = (
				D59144E321452A12001AD73D /* LaunchScreen.storyboard in Resources */,
				D59144E021452A12001AD73D /* Assets.xcassets in Resources */,
				D59144DE21452A11001AD73D /* Main.storyboard in Resources */,
			);
			runOnlyForDeploymentPostprocessing = 0;
		};
/* End PBXResourcesBuildPhase section */

/* Begin PBXSourcesBuildPhase section */
		D59144D121452A11001AD73D /* Sources */ = {
			isa = PBXSourcesBuildPhase;
			buildActionMask = 2147483647;
			files = (
				D59144EE21453622001AD73D /* VideoVC.swift in Sources */,
				D59144DB21452A11001AD73D /* MainVC.swift in Sources */,
				D59144F221453B92001AD73D /* PartyRock.swift in Sources */,
				D59144F021453875001AD73D /* PartyCell.swift in Sources */,
				D59144D921452A11001AD73D /* AppDelegate.swift in Sources */,
			);
			runOnlyForDeploymentPostprocessing = 0;
		};
/* End PBXSourcesBuildPhase section */

/* Begin PBXVariantGroup section */
		D59144DC21452A11001AD73D /* Main.storyboard */ = {
			isa = PBXVariantGroup;
			children = (
				D59144DD21452A11001AD73D /* Base */,
			);
			name = Main.storyboard;
			sourceTree = "<group>";
		};
		D59144E121452A12001AD73D /* LaunchScreen.storyboard */ = {
			isa = PBXVariantGroup;
			children = (
				D59144E221452A12001AD73D /* Base */,
			);
			name = LaunchScreen.storyboard;
			sourceTree = "<group>";
		};
/* End PBXVariantGroup section */

/* Begin XCBuildConfiguration section */
		D59144E521452A12001AD73D /* Debug */ = {
			isa = XCBuildConfiguration;
			buildSettings = {
				ALWAYS_SEARCH_USER_PATHS = NO;
				CLANG_ANALYZER_NONNULL = YES;
				CLANG_ANALYZER_NUMBER_OBJECT_CONVERSION = YES_AGGRESSIVE;
				CLANG_CXX_LANGUAGE_STANDARD = "gnu++14";
				CLANG_CXX_LIBRARY = "libc++";
				CLANG_ENABLE_MODULES = YES;
				CLANG_ENABLE_OBJC_ARC = YES;
				CLANG_ENABLE_OBJC_WEAK = YES;
				CLANG_WARN_BLOCK_CAPTURE_AUTORELEASING = YES;
				CLANG_WARN_BOOL_CONVERSION = YES;
				CLANG_WARN_COMMA = YES;
				CLANG_WARN_CONSTANT_CONVERSION = YES;
				CLANG_WARN_DEPRECATED_OBJC_IMPLEMENTATIONS = YES;
				CLANG_WARN_DIRECT_OBJC_ISA_USAGE = YES_ERROR;
				CLANG_WARN_DOCUMENTATION_COMMENTS = YES;
				CLANG_WARN_EMPTY_BODY = YES;
				CLANG_WARN_ENUM_CONVERSION = YES;
				CLANG_WARN_INFINITE_RECURSION = YES;
				CLANG_WARN_INT_CONVERSION = YES;
				CLANG_WARN_NON_LITERAL_NULL_CONVERSION = YES;
				CLANG_WARN_OBJC_IMPLICIT_RETAIN_SELF = YES;
				CLANG_WARN_OBJC_LITERAL_CONVERSION = YES;
				CLANG_WARN_OBJC_ROOT_CLASS = YES_ERROR;
				CLANG_WARN_RANGE_LOOP_ANALYSIS = YES;
				CLANG_WARN_STRICT_PROTOTYPES = YES;
				CLANG_WARN_SUSPICIOUS_MOVE = YES;
				CLANG_WARN_UNGUARDED_AVAILABILITY = YES_AGGRESSIVE;
				CLANG_WARN_UNREACHABLE_CODE = YES;
				CLANG_WARN__DUPLICATE_METHOD_MATCH = YES;
				CODE_SIGN_IDENTITY = "iPhone Developer";
				COPY_PHASE_STRIP = NO;
				DEBUG_INFORMATION_FORMAT = dwarf;
				ENABLE_STRICT_OBJC_MSGSEND = YES;
				ENABLE_TESTABILITY = YES;
				GCC_C_LANGUAGE_STANDARD = gnu11;
				GCC_DYNAMIC_NO_PIC = NO;
				GCC_NO_COMMON_BLOCKS = YES;
				GCC_OPTIMIZATION_LEVEL = 0;
				GCC_PREPROCESSOR_DEFINITIONS = (
					"DEBUG=1",
					"$(inherited)",
				);
				GCC_WARN_64_TO_32_BIT_CONVERSION = YES;
				GCC_WARN_ABOUT_RETURN_TYPE = YES_ERROR;
				GCC_WARN_UNDECLARED_SELECTOR = YES;
				GCC_WARN_UNINITIALIZED_AUTOS = YES_AGGRESSIVE;
				GCC_WARN_UNUSED_FUNCTION = YES;
				GCC_WARN_UNUSED_VARIABLE = YES;
				IPHONEOS_DEPLOYMENT_TARGET = 11.4;
				MTL_ENABLE_DEBUG_INFO = YES;
				ONLY_ACTIVE_ARCH = YES;
				SDKROOT = iphoneos;
				SWIFT_ACTIVE_COMPILATION_CONDITIONS = DEBUG;
				SWIFT_OPTIMIZATION_LEVEL = "-Onone";
			};
			name = Debug;
		};
		D59144E621452A12001AD73D /* Release */ = {
			isa = XCBuildConfiguration;
			buildSettings = {
				ALWAYS_SEARCH_USER_PATHS = NO;
				CLANG_ANALYZER_NONNULL = YES;
				CLANG_ANALYZER_NUMBER_OBJECT_CONVERSION = YES_AGGRESSIVE;
				CLANG_CXX_LANGUAGE_STANDARD = "gnu++14";
				CLANG_CXX_LIBRARY = "libc++";
				CLANG_ENABLE_MODULES = YES;
				CLANG_ENABLE_OBJC_ARC = YES;
				CLANG_ENABLE_OBJC_WEAK = YES;
				CLANG_WARN_BLOCK_CAPTURE_AUTORELEASING = YES;
				CLANG_WARN_BOOL_CONVERSION = YES;
				CLANG_WARN_COMMA = YES;
				CLANG_WARN_CONSTANT_CONVERSION = YES;
				CLANG_WARN_DEPRECATED_OBJC_IMPLEMENTATIONS = YES;
				CLANG_WARN_DIRECT_OBJC_ISA_USAGE = YES_ERROR;
				CLANG_WARN_DOCUMENTATION_COMMENTS = YES;
				CLANG_WARN_EMPTY_BODY = YES;
				CLANG_WARN_ENUM_CONVERSION = YES;
				CLANG_WARN_INFINITE_RECURSION = YES;
				CLANG_WARN_INT_CONVERSION = YES;
				CLANG_WARN_NON_LITERAL_NULL_CONVERSION = YES;
				CLANG_WARN_OBJC_IMPLICIT_RETAIN_SELF = YES;
				CLANG_WARN_OBJC_LITERAL_CONVERSION = YES;
				CLANG_WARN_OBJC_ROOT_CLASS = YES_ERROR;
				CLANG_WARN_RANGE_LOOP_ANALYSIS = YES;
				CLANG_WARN_STRICT_PROTOTYPES = YES;
				CLANG_WARN_SUSPICIOUS_MOVE = YES;
				CLANG_WARN_UNGUARDED_AVAILABILITY = YES_AGGRESSIVE;
				CLANG_WARN_UNREACHABLE_CODE = YES;
				CLANG_WARN__DUPLICATE_METHOD_MATCH = YES;
				CODE_SIGN_IDENTITY = "iPhone Developer";
				COPY_PHASE_STRIP = NO;
				DEBUG_INFORMATION_FORMAT = "dwarf-with-dsym";
				ENABLE_NS_ASSERTIONS = NO;
				ENABLE_STRICT_OBJC_MSGSEND = YES;
				GCC_C_LANGUAGE_STANDARD = gnu11;
				GCC_NO_COMMON_BLOCKS = YES;
				GCC_WARN_64_TO_32_BIT_CONVERSION = YES;
				GCC_WARN_ABOUT_RETURN_TYPE = YES_ERROR;
				GCC_WARN_UNDECLARED_SELECTOR = YES;
				GCC_WARN_UNINITIALIZED_AUTOS = YES_AGGRESSIVE;
				GCC_WARN_UNUSED_FUNCTION = YES;
				GCC_WARN_UNUSED_VARIABLE = YES;
				IPHONEOS_DEPLOYMENT_TARGET = 11.4;
				MTL_ENABLE_DEBUG_INFO = NO;
				SDKROOT = iphoneos;
				SWIFT_COMPILATION_MODE = wholemodule;
				SWIFT_OPTIMIZATION_LEVEL = "-O";
				VALIDATE_PRODUCT = YES;
			};
			name = Release;
		};
		D59144E821452A12001AD73D /* Debug */ = {
			isa = XCBuildConfiguration;
			buildSettings = {
				ASSETCATALOG_COMPILER_APPICON_NAME = AppIcon;
				CODE_SIGN_STYLE = Automatic;
				INFOPLIST_FILE = PartyRockApp/Info.plist;
				LD_RUNPATH_SEARCH_PATHS = (
					"$(inherited)",
					"@executable_path/Frameworks",
				);
				PRODUCT_BUNDLE_IDENTIFIER = com.PartyRockApp;
				PRODUCT_NAME = "$(TARGET_NAME)";
				SWIFT_VERSION = 4.0;
				TARGETED_DEVICE_FAMILY = "1,2";
			};
			name = Debug;
		};
		D59144E921452A12001AD73D /* Release */ = {
			isa = XCBuildConfiguration;
			buildSettings = {
				ASSETCATALOG_COMPILER_APPICON_NAME = AppIcon;
				CODE_SIGN_STYLE = Automatic;
				INFOPLIST_FILE = PartyRockApp/Info.plist;
				LD_RUNPATH_SEARCH_PATHS = (
					"$(inherited)",
					"@executable_path/Frameworks",
				);
				PRODUCT_BUNDLE_IDENTIFIER = com.PartyRockApp;
				PRODUCT_NAME = "$(TARGET_NAME)";
				SWIFT_VERSION = 4.0;
				TARGETED_DEVICE_FAMILY = "1,2";
			};
			name = Release;
		};
/* End XCBuildConfiguration section */

/* Begin XCConfigurationList section */
		D59144D021452A11001AD73D /* Build configuration list for PBXProject "PartyRockApp" */ = {
			isa = XCConfigurationList;
			buildConfigurations = (
				D59144E521452A12001AD73D /* Debug */,
				D59144E621452A12001AD73D /* Release */,
			);
			defaultConfigurationIsVisible = 0;
			defaultConfigurationName = Release;
		};
		D59144E721452A12001AD73D /* Build configuration list for PBXNativeTarget "PartyRockApp" */ = {
			isa = XCConfigurationList;
			buildConfigurations = (
				D59144E821452A12001AD73D /* Debug */,
				D59144E921452A12001AD73D /* Release */,
			);
			defaultConfigurationIsVisible = 0;
			defaultConfigurationName = Release;
		};
/* End XCConfigurationList section */
	};
	rootObject = D59144CD21452A11001AD73D /* Project object */;
}
