// !$*UTF8*$!
{
	archiveVersion = 1;
	classes = {
	};
	objectVersion = 50;
	objects = {

/* Begin PBXBuildFile section */
		D511723C214D69BD00FC9A7E /* AppDelegate.swift in Sources */ = {isa = PBXBuildFile; fileRef = D511723B214D69BD00FC9A7E /* AppDelegate.swift */; };
		D511723E214D69BD00FC9A7E /* LoginViewController.swift in Sources */ = {isa = PBXBuildFile; fileRef = D511723D214D69BD00FC9A7E /* LoginViewController.swift */; };
		D5117241214D69BD00FC9A7E /* Main.storyboard in Resources */ = {isa = PBXBuildFile; fileRef = D511723F214D69BD00FC9A7E /* Main.storyboard */; };
		D5117243214D69BF00FC9A7E /* Assets.xcassets in Resources */ = {isa = PBXBuildFile; fileRef = D5117242214D69BF00FC9A7E /* Assets.xcassets */; };
		D5117246214D69BF00FC9A7E /* LaunchScreen.storyboard in Resources */ = {isa = PBXBuildFile; fileRef = D5117244214D69BF00FC9A7E /* LaunchScreen.storyboard */; };
		D511724E214D6D7400FC9A7E /* MainTabController.swift in Sources */ = {isa = PBXBuildFile; fileRef = D511724D214D6D7400FC9A7E /* MainTabController.swift */; };
		D5117250214D71E000FC9A7E /* FirstViewController.swift in Sources */ = {isa = PBXBuildFile; fileRef = D511724F214D71E000FC9A7E /* FirstViewController.swift */; };
/* End PBXBuildFile section */

/* Begin PBXFileReference section */
		D5117238214D69BD00FC9A7E /* tabbedbarcontrollerexample.app */ = {isa = PBXFileReference; explicitFileType = wrapper.application; includeInIndex = 0; path = tabbedbarcontrollerexample.app; sourceTree = BUILT_PRODUCTS_DIR; };
		D511723B214D69BD00FC9A7E /* AppDelegate.swift */ = {isa = PBXFileReference; lastKnownFileType = sourcecode.swift; path = AppDelegate.swift; sourceTree = "<group>"; };
		D511723D214D69BD00FC9A7E /* LoginViewController.swift */ = {isa = PBXFileReference; lastKnownFileType = sourcecode.swift; path = LoginViewController.swift; sourceTree = "<group>"; };
		D5117240214D69BD00FC9A7E /* Base */ = {isa = PBXFileReference; lastKnownFileType = file.storyboard; name = Base; path = Base.lproj/Main.storyboard; sourceTree = "<group>"; };
		D5117242214D69BF00FC9A7E /* Assets.xcassets */ = {isa = PBXFileReference; lastKnownFileType = folder.assetcatalog; path = Assets.xcassets; sourceTree = "<group>"; };
		D5117245214D69BF00FC9A7E /* Base */ = {isa = PBXFileReference; lastKnownFileType = file.storyboard; name = Base; path = Base.lproj/LaunchScreen.storyboard; sourceTree = "<group>"; };
		D5117247214D69BF00FC9A7E /* Info.plist */ = {isa = PBXFileReference; lastKnownFileType = text.plist.xml; path = Info.plist; sourceTree = "<group>"; };
		D511724D214D6D7400FC9A7E /* MainTabController.swift */ = {isa = PBXFileReference; lastKnownFileType = sourcecode.swift; path = MainTabController.swift; sourceTree = "<group>"; };
		D511724F214D71E000FC9A7E /* FirstViewController.swift */ = {isa = PBXFileReference; lastKnownFileType = sourcecode.swift; path = FirstViewController.swift; sourceTree = "<group>"; };
/* End PBXFileReference section */

/* Begin PBXFrameworksBuildPhase section */
		D5117235214D69BD00FC9A7E /* Frameworks */ = {
			isa = PBXFrameworksBuildPhase;
			buildActionMask = 2147483647;
			files = (
			);
			runOnlyForDeploymentPostprocessing = 0;
		};
/* End PBXFrameworksBuildPhase section */

/* Begin PBXGroup section */
		D511722F214D69BD00FC9A7E = {
			isa = PBXGroup;
			children = (
				D511723A214D69BD00FC9A7E /* tabbedbarcontrollerexample */,
				D5117239214D69BD00FC9A7E /* Products */,
			);
			sourceTree = "<group>";
		};
		D5117239214D69BD00FC9A7E /* Products */ = {
			isa = PBXGroup;
			children = (
				D5117238214D69BD00FC9A7E /* tabbedbarcontrollerexample.app */,
			);
			name = Products;
			sourceTree = "<group>";
		};
		D511723A214D69BD00FC9A7E /* tabbedbarcontrollerexample */ = {
			isa = PBXGroup;
			children = (
				D511723B214D69BD00FC9A7E /* AppDelegate.swift */,
				D511723D214D69BD00FC9A7E /* LoginViewController.swift */,
				D511723F214D69BD00FC9A7E /* Main.storyboard */,
				D5117242214D69BF00FC9A7E /* Assets.xcassets */,
				D5117244214D69BF00FC9A7E /* LaunchScreen.storyboard */,
				D5117247214D69BF00FC9A7E /* Info.plist */,
				D511724D214D6D7400FC9A7E /* MainTabController.swift */,
				D511724F214D71E000FC9A7E /* FirstViewController.swift */,
			);
			path = tabbedbarcontrollerexample;
			sourceTree = "<group>";
		};
/* End PBXGroup section */

/* Begin PBXNativeTarget section */
		D5117237214D69BD00FC9A7E /* tabbedbarcontrollerexample */ = {
			isa = PBXNativeTarget;
			buildConfigurationList = D511724A214D69BF00FC9A7E /* Build configuration list for PBXNativeTarget "tabbedbarcontrollerexample" */;
			buildPhases = (
				D5117234214D69BD00FC9A7E /* Sources */,
				D5117235214D69BD00FC9A7E /* Frameworks */,
				D5117236214D69BD00FC9A7E /* Resources */,
			);
			buildRules = (
			);
			dependencies = (
			);
			name = tabbedbarcontrollerexample;
			productName = tabbedbarcontrollerexample;
			productReference = D5117238214D69BD00FC9A7E /* tabbedbarcontrollerexample.app */;
			productType = "com.apple.product-type.application";
		};
/* End PBXNativeTarget section */

/* Begin PBXProject section */
		D5117230214D69BD00FC9A7E /* Project object */ = {
			isa = PBXProject;
			attributes = {
				LastSwiftUpdateCheck = 0940;
				LastUpgradeCheck = 0940;
				ORGANIZATIONNAME = bobsirasira;
				TargetAttributes = {
					D5117237214D69BD00FC9A7E = {
						CreatedOnToolsVersion = 9.4.1;
					};
				};
			};
			buildConfigurationList = D5117233214D69BD00FC9A7E /* Build configuration list for PBXProject "tabbedbarcontrollerexample" */;
			compatibilityVersion = "Xcode 9.3";
			developmentRegion = en;
			hasScannedForEncodings = 0;
			knownRegions = (
				en,
				Base,
			);
			mainGroup = D511722F214D69BD00FC9A7E;
			productRefGroup = D5117239214D69BD00FC9A7E /* Products */;
			projectDirPath = "";
			projectRoot = "";
			targets = (
				D5117237214D69BD00FC9A7E /* tabbedbarcontrollerexample */,
			);
		};
/* End PBXProject section */

/* Begin PBXResourcesBuildPhase section */
		D5117236214D69BD00FC9A7E /* Resources */ = {
			isa = PBXResourcesBuildPhase;
			buildActionMask = 2147483647;
			files = (
				D5117246214D69BF00FC9A7E /* LaunchScreen.storyboard in Resources */,
				D5117243214D69BF00FC9A7E /* Assets.xcassets in Resources */,
				D5117241214D69BD00FC9A7E /* Main.storyboard in Resources */,
			);
			runOnlyForDeploymentPostprocessing = 0;
		};
/* End PBXResourcesBuildPhase section */

/* Begin PBXSourcesBuildPhase section */
		D5117234214D69BD00FC9A7E /* Sources */ = {
			isa = PBXSourcesBuildPhase;
			buildActionMask = 2147483647;
			files = (
				D511723E214D69BD00FC9A7E /* LoginViewController.swift in Sources */,
				D511723C214D69BD00FC9A7E /* AppDelegate.swift in Sources */,
				D511724E214D6D7400FC9A7E /* MainTabController.swift in Sources */,
				D5117250214D71E000FC9A7E /* FirstViewController.swift in Sources */,
			);
			runOnlyForDeploymentPostprocessing = 0;
		};
/* End PBXSourcesBuildPhase section */

/* Begin PBXVariantGroup section */
		D511723F214D69BD00FC9A7E /* Main.storyboard */ = {
			isa = PBXVariantGroup;
			children = (
				D5117240214D69BD00FC9A7E /* Base */,
			);
			name = Main.storyboard;
			sourceTree = "<group>";
		};
		D5117244214D69BF00FC9A7E /* LaunchScreen.storyboard */ = {
			isa = PBXVariantGroup;
			children = (
				D5117245214D69BF00FC9A7E /* Base */,
			);
			name = LaunchScreen.storyboard;
			sourceTree = "<group>";
		};
/* End PBXVariantGroup section */

/* Begin XCBuildConfiguration section */
		D5117248214D69BF00FC9A7E /* Debug */ = {
			isa = XCBuildConfiguration;
			buildSettings = {
				ALWAYS_SEARCH_USER_PATHS = NO;
				CLANG_ANALYZER_NONNULL = YES;
				CLANG_ANALYZER_NUMBER_OBJECT_CONVERSION = YES_AGGRESSIVE;
				CLANG_CXX_LANGUAGE_STANDARD = "gnu++14";
				CLANG_CXX_LIBRARY = "libc++";
				CLANG_ENABLE_MODULES = YES;
				CLANG_ENABLE_OBJC_ARC = YES;
				CLANG_ENABLE_OBJC_WEAK = YES;
				CLANG_WARN_BLOCK_CAPTURE_AUTORELEASING = YES;
				CLANG_WARN_BOOL_CONVERSION = YES;
				CLANG_WARN_COMMA = YES;
				CLANG_WARN_CONSTANT_CONVERSION = YES;
				CLANG_WARN_DEPRECATED_OBJC_IMPLEMENTATIONS = YES;
				CLANG_WARN_DIRECT_OBJC_ISA_USAGE = YES_ERROR;
				CLANG_WARN_DOCUMENTATION_COMMENTS = YES;
				CLANG_WARN_EMPTY_BODY = YES;
				CLANG_WARN_ENUM_CONVERSION = YES;
				CLANG_WARN_INFINITE_RECURSION = YES;
				CLANG_WARN_INT_CONVERSION = YES;
				CLANG_WARN_NON_LITERAL_NULL_CONVERSION = YES;
				CLANG_WARN_OBJC_IMPLICIT_RETAIN_SELF = YES;
				CLANG_WARN_OBJC_LITERAL_CONVERSION = YES;
				CLANG_WARN_OBJC_ROOT_CLASS = YES_ERROR;
				CLANG_WARN_RANGE_LOOP_ANALYSIS = YES;
				CLANG_WARN_STRICT_PROTOTYPES = YES;
				CLANG_WARN_SUSPICIOUS_MOVE = YES;
				CLANG_WARN_UNGUARDED_AVAILABILITY = YES_AGGRESSIVE;
				CLANG_WARN_UNREACHABLE_CODE = YES;
				CLANG_WARN__DUPLICATE_METHOD_MATCH = YES;
				CODE_SIGN_IDENTITY = "iPhone Developer";
				COPY_PHASE_STRIP = NO;
				DEBUG_INFORMATION_FORMAT = dwarf;
				ENABLE_STRICT_OBJC_MSGSEND = YES;
				ENABLE_TESTABILITY = YES;
				GCC_C_LANGUAGE_STANDARD = gnu11;
				GCC_DYNAMIC_NO_PIC = NO;
				GCC_NO_COMMON_BLOCKS = YES;
				GCC_OPTIMIZATION_LEVEL = 0;
				GCC_PREPROCESSOR_DEFINITIONS = (
					"DEBUG=1",
					"$(inherited)",
				);
				GCC_WARN_64_TO_32_BIT_CONVERSION = YES;
				GCC_WARN_ABOUT_RETURN_TYPE = YES_ERROR;
				GCC_WARN_UNDECLARED_SELECTOR = YES;
				GCC_WARN_UNINITIALIZED_AUTOS = YES_AGGRESSIVE;
				GCC_WARN_UNUSED_FUNCTION = YES;
				GCC_WARN_UNUSED_VARIABLE = YES;
				IPHONEOS_DEPLOYMENT_TARGET = 11.4;
				MTL_ENABLE_DEBUG_INFO = YES;
				ONLY_ACTIVE_ARCH = YES;
				SDKROOT = iphoneos;
				SWIFT_ACTIVE_COMPILATION_CONDITIONS = DEBUG;
				SWIFT_OPTIMIZATION_LEVEL = "-Onone";
			};
			name = Debug;
		};
		D5117249214D69BF00FC9A7E /* Release */ = {
			isa = XCBuildConfiguration;
			buildSettings = {
				ALWAYS_SEARCH_USER_PATHS = NO;
				CLANG_ANALYZER_NONNULL = YES;
				CLANG_ANALYZER_NUMBER_OBJECT_CONVERSION = YES_AGGRESSIVE;
				CLANG_CXX_LANGUAGE_STANDARD = "gnu++14";
				CLANG_CXX_LIBRARY = "libc++";
				CLANG_ENABLE_MODULES = YES;
				CLANG_ENABLE_OBJC_ARC = YES;
				CLANG_ENABLE_OBJC_WEAK = YES;
				CLANG_WARN_BLOCK_CAPTURE_AUTORELEASING = YES;
				CLANG_WARN_BOOL_CONVERSION = YES;
				CLANG_WARN_COMMA = YES;
				CLANG_WARN_CONSTANT_CONVERSION = YES;
				CLANG_WARN_DEPRECATED_OBJC_IMPLEMENTATIONS = YES;
				CLANG_WARN_DIRECT_OBJC_ISA_USAGE = YES_ERROR;
				CLANG_WARN_DOCUMENTATION_COMMENTS = YES;
				CLANG_WARN_EMPTY_BODY = YES;
				CLANG_WARN_ENUM_CONVERSION = YES;
				CLANG_WARN_INFINITE_RECURSION = YES;
				CLANG_WARN_INT_CONVERSION = YES;
				CLANG_WARN_NON_LITERAL_NULL_CONVERSION = YES;
				CLANG_WARN_OBJC_IMPLICIT_RETAIN_SELF = YES;
				CLANG_WARN_OBJC_LITERAL_CONVERSION = YES;
				CLANG_WARN_OBJC_ROOT_CLASS = YES_ERROR;
				CLANG_WARN_RANGE_LOOP_ANALYSIS = YES;
				CLANG_WARN_STRICT_PROTOTYPES = YES;
				CLANG_WARN_SUSPICIOUS_MOVE = YES;
				CLANG_WARN_UNGUARDED_AVAILABILITY = YES_AGGRESSIVE;
				CLANG_WARN_UNREACHABLE_CODE = YES;
				CLANG_WARN__DUPLICATE_METHOD_MATCH = YES;
				CODE_SIGN_IDENTITY = "iPhone Developer";
				COPY_PHASE_STRIP = NO;
				DEBUG_INFORMATION_FORMAT = "dwarf-with-dsym";
				ENABLE_NS_ASSERTIONS = NO;
				ENABLE_STRICT_OBJC_MSGSEND = YES;
				GCC_C_LANGUAGE_STANDARD = gnu11;
				GCC_NO_COMMON_BLOCKS = YES;
				GCC_WARN_64_TO_32_BIT_CONVERSION = YES;
				GCC_WARN_ABOUT_RETURN_TYPE = YES_ERROR;
				GCC_WARN_UNDECLARED_SELECTOR = YES;
				GCC_WARN_UNINITIALIZED_AUTOS = YES_AGGRESSIVE;
				GCC_WARN_UNUSED_FUNCTION = YES;
				GCC_WARN_UNUSED_VARIABLE = YES;
				IPHONEOS_DEPLOYMENT_TARGET = 11.4;
				MTL_ENABLE_DEBUG_INFO = NO;
				SDKROOT = iphoneos;
				SWIFT_COMPILATION_MODE = wholemodule;
				SWIFT_OPTIMIZATION_LEVEL = "-O";
				VALIDATE_PRODUCT = YES;
			};
			name = Release;
		};
		D511724B214D69BF00FC9A7E /* Debug */ = {
			isa = XCBuildConfiguration;
			buildSettings = {
				ASSETCATALOG_COMPILER_APPICON_NAME = AppIcon;
				CODE_SIGN_STYLE = Automatic;
				INFOPLIST_FILE = tabbedbarcontrollerexample/Info.plist;
				LD_RUNPATH_SEARCH_PATHS = (
					"$(inherited)",
					"@executable_path/Frameworks",
				);
				PRODUCT_BUNDLE_IDENTIFIER = com.tabbedbarcontrollerexample;
				PRODUCT_NAME = "$(TARGET_NAME)";
				SWIFT_VERSION = 4.0;
				TARGETED_DEVICE_FAMILY = "1,2";
			};
			name = Debug;
		};
		D511724C214D69BF00FC9A7E /* Release */ = {
			isa = XCBuildConfiguration;
			buildSettings = {
				ASSETCATALOG_COMPILER_APPICON_NAME = AppIcon;
				CODE_SIGN_STYLE = Automatic;
				INFOPLIST_FILE = tabbedbarcontrollerexample/Info.plist;
				LD_RUNPATH_SEARCH_PATHS = (
					"$(inherited)",
					"@executable_path/Frameworks",
				);
				PRODUCT_BUNDLE_IDENTIFIER = com.tabbedbarcontrollerexample;
				PRODUCT_NAME = "$(TARGET_NAME)";
				SWIFT_VERSION = 4.0;
				TARGETED_DEVICE_FAMILY = "1,2";
			};
			name = Release;
		};
/* End XCBuildConfiguration section */

/* Begin XCConfigurationList section */
		D5117233214D69BD00FC9A7E /* Build configuration list for PBXProject "tabbedbarcontrollerexample" */ = {
			isa = XCConfigurationList;
			buildConfigurations = (
				D5117248214D69BF00FC9A7E /* Debug */,
				D5117249214D69BF00FC9A7E /* Release */,
			);
			defaultConfigurationIsVisible = 0;
			defaultConfigurationName = Release;
		};
		D511724A214D69BF00FC9A7E /* Build configuration list for PBXNativeTarget "tabbedbarcontrollerexample" */ = {
			isa = XCConfigurationList;
			buildConfigurations = (
				D511724B214D69BF00FC9A7E /* Debug */,
				D511724C214D69BF00FC9A7E /* Release */,
			);
			defaultConfigurationIsVisible = 0;
			defaultConfigurationName = Release;
		};
/* End XCConfigurationList section */
	};
	rootObject = D5117230214D69BD00FC9A7E /* Project object */;
}
