// !$*UTF8*$!
{
	archiveVersion = 1;
	classes = {
	};
	objectVersion = 50;
	objects = {

/* Begin PBXBuildFile section */
		D52BE00E2184A17200D6D663 /* AppDelegate.swift in Sources */ = {isa = PBXBuildFile; fileRef = D52BE00D2184A17200D6D663 /* AppDelegate.swift */; };
		D52BE0102184A17200D6D663 /* ViewController.swift in Sources */ = {isa = PBXBuildFile; fileRef = D52BE00F2184A17200D6D663 /* ViewController.swift */; };
		D52BE0132184A17200D6D663 /* Main.storyboard in Resources */ = {isa = PBXBuildFile; fileRef = D52BE0112184A17200D6D663 /* Main.storyboard */; };
		D52BE0162184A17200D6D663 /* ComplexTable.xcdatamodeld in Sources */ = {isa = PBXBuildFile; fileRef = D52BE0142184A17200D6D663 /* ComplexTable.xcdatamodeld */; };
		D52BE0182184A17600D6D663 /* Assets.xcassets in Resources */ = {isa = PBXBuildFile; fileRef = D52BE0172184A17600D6D663 /* Assets.xcassets */; };
		D52BE01B2184A17600D6D663 /* LaunchScreen.storyboard in Resources */ = {isa = PBXBuildFile; fileRef = D52BE0192184A17600D6D663 /* LaunchScreen.storyboard */; };
/* End PBXBuildFile section */

/* Begin PBXFileReference section */
		D52BE00A2184A17200D6D663 /* ComplexTable.app */ = {isa = PBXFileReference; explicitFileType = wrapper.application; includeInIndex = 0; path = ComplexTable.app; sourceTree = BUILT_PRODUCTS_DIR; };
		D52BE00D2184A17200D6D663 /* AppDelegate.swift */ = {isa = PBXFileReference; lastKnownFileType = sourcecode.swift; path = AppDelegate.swift; sourceTree = "<group>"; };
		D52BE00F2184A17200D6D663 /* ViewController.swift */ = {isa = PBXFileReference; lastKnownFileType = sourcecode.swift; path = ViewController.swift; sourceTree = "<group>"; };
		D52BE0122184A17200D6D663 /* Base */ = {isa = PBXFileReference; lastKnownFileType = file.storyboard; name = Base; path = Base.lproj/Main.storyboard; sourceTree = "<group>"; };
		D52BE0152184A17200D6D663 /* ComplexTable.xcdatamodel */ = {isa = PBXFileReference; lastKnownFileType = wrapper.xcdatamodel; path = ComplexTable.xcdatamodel; sourceTree = "<group>"; };
		D52BE0172184A17600D6D663 /* Assets.xcassets */ = {isa = PBXFileReference; lastKnownFileType = folder.assetcatalog; path = Assets.xcassets; sourceTree = "<group>"; };
		D52BE01A2184A17600D6D663 /* Base */ = {isa = PBXFileReference; lastKnownFileType = file.storyboard; name = Base; path = Base.lproj/LaunchScreen.storyboard; sourceTree = "<group>"; };
		D52BE01C2184A17600D6D663 /* Info.plist */ = {isa = PBXFileReference; lastKnownFileType = text.plist.xml; path = Info.plist; sourceTree = "<group>"; };
/* End PBXFileReference section */

/* Begin PBXFrameworksBuildPhase section */
		D52BE0072184A17200D6D663 /* Frameworks */ = {
			isa = PBXFrameworksBuildPhase;
			buildActionMask = 2147483647;
			files = (
			);
			runOnlyForDeploymentPostprocessing = 0;
		};
/* End PBXFrameworksBuildPhase section */

/* Begin PBXGroup section */
		D52BE0012184A17200D6D663 = {
			isa = PBXGroup;
			children = (
				D52BE00C2184A17200D6D663 /* ComplexTable */,
				D52BE00B2184A17200D6D663 /* Products */,
			);
			sourceTree = "<group>";
		};
		D52BE00B2184A17200D6D663 /* Products */ = {
			isa = PBXGroup;
			children = (
				D52BE00A2184A17200D6D663 /* ComplexTable.app */,
			);
			name = Products;
			sourceTree = "<group>";
		};
		D52BE00C2184A17200D6D663 /* ComplexTable */ = {
			isa = PBXGroup;
			children = (
				D52BE00D2184A17200D6D663 /* AppDelegate.swift */,
				D52BE00F2184A17200D6D663 /* ViewController.swift */,
				D52BE0112184A17200D6D663 /* Main.storyboard */,
				D52BE0172184A17600D6D663 /* Assets.xcassets */,
				D52BE0192184A17600D6D663 /* LaunchScreen.storyboard */,
				D52BE01C2184A17600D6D663 /* Info.plist */,
				D52BE0142184A17200D6D663 /* ComplexTable.xcdatamodeld */,
			);
			path = ComplexTable;
			sourceTree = "<group>";
		};
/* End PBXGroup section */

/* Begin PBXNativeTarget section */
		D52BE0092184A17200D6D663 /* ComplexTable */ = {
			isa = PBXNativeTarget;
			buildConfigurationList = D52BE01F2184A17600D6D663 /* Build configuration list for PBXNativeTarget "ComplexTable" */;
			buildPhases = (
				D52BE0062184A17200D6D663 /* Sources */,
				D52BE0072184A17200D6D663 /* Frameworks */,
				D52BE0082184A17200D6D663 /* Resources */,
			);
			buildRules = (
			);
			dependencies = (
			);
			name = ComplexTable;
			productName = ComplexTable;
			productReference = D52BE00A2184A17200D6D663 /* ComplexTable.app */;
			productType = "com.apple.product-type.application";
		};
/* End PBXNativeTarget section */

/* Begin PBXProject section */
		D52BE0022184A17200D6D663 /* Project object */ = {
			isa = PBXProject;
			attributes = {
				LastSwiftUpdateCheck = 1000;
				LastUpgradeCheck = 1000;
				ORGANIZATIONNAME = bobsirasira;
				TargetAttributes = {
					D52BE0092184A17200D6D663 = {
						CreatedOnToolsVersion = 10.0;
					};
				};
			};
			buildConfigurationList = D52BE0052184A17200D6D663 /* Build configuration list for PBXProject "ComplexTable" */;
			compatibilityVersion = "Xcode 9.3";
			developmentRegion = en;
			hasScannedForEncodings = 0;
			knownRegions = (
				en,
				Base,
			);
			mainGroup = D52BE0012184A17200D6D663;
			productRefGroup = D52BE00B2184A17200D6D663 /* Products */;
			projectDirPath = "";
			projectRoot = "";
			targets = (
				D52BE0092184A17200D6D663 /* ComplexTable */,
			);
		};
/* End PBXProject section */

/* Begin PBXResourcesBuildPhase section */
		D52BE0082184A17200D6D663 /* Resources */ = {
			isa = PBXResourcesBuildPhase;
			buildActionMask = 2147483647;
			files = (
				D52BE01B2184A17600D6D663 /* LaunchScreen.storyboard in Resources */,
				D52BE0182184A17600D6D663 /* Assets.xcassets in Resources */,
				D52BE0132184A17200D6D663 /* Main.storyboard in Resources */,
			);
			runOnlyForDeploymentPostprocessing = 0;
		};
/* End PBXResourcesBuildPhase section */

/* Begin PBXSourcesBuildPhase section */
		D52BE0062184A17200D6D663 /* Sources */ = {
			isa = PBXSourcesBuildPhase;
			buildActionMask = 2147483647;
			files = (
				D52BE0102184A17200D6D663 /* ViewController.swift in Sources */,
				D52BE0162184A17200D6D663 /* ComplexTable.xcdatamodeld in Sources */,
				D52BE00E2184A17200D6D663 /* AppDelegate.swift in Sources */,
			);
			runOnlyForDeploymentPostprocessing = 0;
		};
/* End PBXSourcesBuildPhase section */

/* Begin PBXVariantGroup section */
		D52BE0112184A17200D6D663 /* Main.storyboard */ = {
			isa = PBXVariantGroup;
			children = (
				D52BE0122184A17200D6D663 /* Base */,
			);
			name = Main.storyboard;
			sourceTree = "<group>";
		};
		D52BE0192184A17600D6D663 /* LaunchScreen.storyboard */ = {
			isa = PBXVariantGroup;
			children = (
				D52BE01A2184A17600D6D663 /* Base */,
			);
			name = LaunchScreen.storyboard;
			sourceTree = "<group>";
		};
/* End PBXVariantGroup section */

/* Begin XCBuildConfiguration section */
		D52BE01D2184A17600D6D663 /* Debug */ = {
			isa = XCBuildConfiguration;
			buildSettings = {
				ALWAYS_SEARCH_USER_PATHS = NO;
				CLANG_ANALYZER_NONNULL = YES;
				CLANG_ANALYZER_NUMBER_OBJECT_CONVERSION = YES_AGGRESSIVE;
				CLANG_CXX_LANGUAGE_STANDARD = "gnu++14";
				CLANG_CXX_LIBRARY = "libc++";
				CLANG_ENABLE_MODULES = YES;
				CLANG_ENABLE_OBJC_ARC = YES;
				CLANG_ENABLE_OBJC_WEAK = YES;
				CLANG_WARN_BLOCK_CAPTURE_AUTORELEASING = YES;
				CLANG_WARN_BOOL_CONVERSION = YES;
				CLANG_WARN_COMMA = YES;
				CLANG_WARN_CONSTANT_CONVERSION = YES;
				CLANG_WARN_DEPRECATED_OBJC_IMPLEMENTATIONS = YES;
				CLANG_WARN_DIRECT_OBJC_ISA_USAGE = YES_ERROR;
				CLANG_WARN_DOCUMENTATION_COMMENTS = YES;
				CLANG_WARN_EMPTY_BODY = YES;
				CLANG_WARN_ENUM_CONVERSION = YES;
				CLANG_WARN_INFINITE_RECURSION = YES;
				CLANG_WARN_INT_CONVERSION = YES;
				CLANG_WARN_NON_LITERAL_NULL_CONVERSION = YES;
				CLANG_WARN_OBJC_IMPLICIT_RETAIN_SELF = YES;
				CLANG_WARN_OBJC_LITERAL_CONVERSION = YES;
				CLANG_WARN_OBJC_ROOT_CLASS = YES_ERROR;
				CLANG_WARN_RANGE_LOOP_ANALYSIS = YES;
				CLANG_WARN_STRICT_PROTOTYPES = YES;
				CLANG_WARN_SUSPICIOUS_MOVE = YES;
				CLANG_WARN_UNGUARDED_AVAILABILITY = YES_AGGRESSIVE;
				CLANG_WARN_UNREACHABLE_CODE = YES;
				CLANG_WARN__DUPLICATE_METHOD_MATCH = YES;
				CODE_SIGN_IDENTITY = "iPhone Developer";
				COPY_PHASE_STRIP = NO;
				DEBUG_INFORMATION_FORMAT = dwarf;
				ENABLE_STRICT_OBJC_MSGSEND = YES;
				ENABLE_TESTABILITY = YES;
				GCC_C_LANGUAGE_STANDARD = gnu11;
				GCC_DYNAMIC_NO_PIC = NO;
				GCC_NO_COMMON_BLOCKS = YES;
				GCC_OPTIMIZATION_LEVEL = 0;
				GCC_PREPROCESSOR_DEFINITIONS = (
					"DEBUG=1",
					"$(inherited)",
				);
				GCC_WARN_64_TO_32_BIT_CONVERSION = YES;
				GCC_WARN_ABOUT_RETURN_TYPE = YES_ERROR;
				GCC_WARN_UNDECLARED_SELECTOR = YES;
				GCC_WARN_UNINITIALIZED_AUTOS = YES_AGGRESSIVE;
				GCC_WARN_UNUSED_FUNCTION = YES;
				GCC_WARN_UNUSED_VARIABLE = YES;
				IPHONEOS_DEPLOYMENT_TARGET = 12.0;
				MTL_ENABLE_DEBUG_INFO = INCLUDE_SOURCE;
				MTL_FAST_MATH = YES;
				ONLY_ACTIVE_ARCH = YES;
				SDKROOT = iphoneos;
				SWIFT_ACTIVE_COMPILATION_CONDITIONS = DEBUG;
				SWIFT_OPTIMIZATION_LEVEL = "-Onone";
			};
			name = Debug;
		};
		D52BE01E2184A17600D6D663 /* Release */ = {
			isa = XCBuildConfiguration;
			buildSettings = {
				ALWAYS_SEARCH_USER_PATHS = NO;
				CLANG_ANALYZER_NONNULL = YES;
				CLANG_ANALYZER_NUMBER_OBJECT_CONVERSION = YES_AGGRESSIVE;
				CLANG_CXX_LANGUAGE_STANDARD = "gnu++14";
				CLANG_CXX_LIBRARY = "libc++";
				CLANG_ENABLE_MODULES = YES;
				CLANG_ENABLE_OBJC_ARC = YES;
				CLANG_ENABLE_OBJC_WEAK = YES;
				CLANG_WARN_BLOCK_CAPTURE_AUTORELEASING = YES;
				CLANG_WARN_BOOL_CONVERSION = YES;
				CLANG_WARN_COMMA = YES;
				CLANG_WARN_CONSTANT_CONVERSION = YES;
				CLANG_WARN_DEPRECATED_OBJC_IMPLEMENTATIONS = YES;
				CLANG_WARN_DIRECT_OBJC_ISA_USAGE = YES_ERROR;
				CLANG_WARN_DOCUMENTATION_COMMENTS = YES;
				CLANG_WARN_EMPTY_BODY = YES;
				CLANG_WARN_ENUM_CONVERSION = YES;
				CLANG_WARN_INFINITE_RECURSION = YES;
				CLANG_WARN_INT_CONVERSION = YES;
				CLANG_WARN_NON_LITERAL_NULL_CONVERSION = YES;
				CLANG_WARN_OBJC_IMPLICIT_RETAIN_SELF = YES;
				CLANG_WARN_OBJC_LITERAL_CONVERSION = YES;
				CLANG_WARN_OBJC_ROOT_CLASS = YES_ERROR;
				CLANG_WARN_RANGE_LOOP_ANALYSIS = YES;
				CLANG_WARN_STRICT_PROTOTYPES = YES;
				CLANG_WARN_SUSPICIOUS_MOVE = YES;
				CLANG_WARN_UNGUARDED_AVAILABILITY = YES_AGGRESSIVE;
				CLANG_WARN_UNREACHABLE_CODE = YES;
				CLANG_WARN__DUPLICATE_METHOD_MATCH = YES;
				CODE_SIGN_IDENTITY = "iPhone Developer";
				COPY_PHASE_STRIP = NO;
				DEBUG_INFORMATION_FORMAT = "dwarf-with-dsym";
				ENABLE_NS_ASSERTIONS = NO;
				ENABLE_STRICT_OBJC_MSGSEND = YES;
				GCC_C_LANGUAGE_STANDARD = gnu11;
				GCC_NO_COMMON_BLOCKS = YES;
				GCC_WARN_64_TO_32_BIT_CONVERSION = YES;
				GCC_WARN_ABOUT_RETURN_TYPE = YES_ERROR;
				GCC_WARN_UNDECLARED_SELECTOR = YES;
				GCC_WARN_UNINITIALIZED_AUTOS = YES_AGGRESSIVE;
				GCC_WARN_UNUSED_FUNCTION = YES;
				GCC_WARN_UNUSED_VARIABLE = YES;
				IPHONEOS_DEPLOYMENT_TARGET = 12.0;
				MTL_ENABLE_DEBUG_INFO = NO;
				MTL_FAST_MATH = YES;
				SDKROOT = iphoneos;
				SWIFT_COMPILATION_MODE = wholemodule;
				SWIFT_OPTIMIZATION_LEVEL = "-O";
				VALIDATE_PRODUCT = YES;
			};
			name = Release;
		};
		D52BE0202184A17600D6D663 /* Debug */ = {
			isa = XCBuildConfiguration;
			buildSettings = {
				ASSETCATALOG_COMPILER_APPICON_NAME = AppIcon;
				CODE_SIGN_STYLE = Automatic;
				INFOPLIST_FILE = ComplexTable/Info.plist;
				LD_RUNPATH_SEARCH_PATHS = (
					"$(inherited)",
					"@executable_path/Frameworks",
				);
				PRODUCT_BUNDLE_IDENTIFIER = com.ComplexTable;
				PRODUCT_NAME = "$(TARGET_NAME)";
				SWIFT_VERSION = 4.2;
				TARGETED_DEVICE_FAMILY = "1,2";
			};
			name = Debug;
		};
		D52BE0212184A17600D6D663 /* Release */ = {
			isa = XCBuildConfiguration;
			buildSettings = {
				ASSETCATALOG_COMPILER_APPICON_NAME = AppIcon;
				CODE_SIGN_STYLE = Automatic;
				INFOPLIST_FILE = ComplexTable/Info.plist;
				LD_RUNPATH_SEARCH_PATHS = (
					"$(inherited)",
					"@executable_path/Frameworks",
				);
				PRODUCT_BUNDLE_IDENTIFIER = com.ComplexTable;
				PRODUCT_NAME = "$(TARGET_NAME)";
				SWIFT_VERSION = 4.2;
				TARGETED_DEVICE_FAMILY = "1,2";
			};
			name = Release;
		};
/* End XCBuildConfiguration section */

/* Begin XCConfigurationList section */
		D52BE0052184A17200D6D663 /* Build configuration list for PBXProject "ComplexTable" */ = {
			isa = XCConfigurationList;
			buildConfigurations = (
				D52BE01D2184A17600D6D663 /* Debug */,
				D52BE01E2184A17600D6D663 /* Release */,
			);
			defaultConfigurationIsVisible = 0;
			defaultConfigurationName = Release;
		};
		D52BE01F2184A17600D6D663 /* Build configuration list for PBXNativeTarget "ComplexTable" */ = {
			isa = XCConfigurationList;
			buildConfigurations = (
				D52BE0202184A17600D6D663 /* Debug */,
				D52BE0212184A17600D6D663 /* Release */,
			);
			defaultConfigurationIsVisible = 0;
			defaultConfigurationName = Release;
		};
/* End XCConfigurationList section */

/* Begin XCVersionGroup section */
		D52BE0142184A17200D6D663 /* ComplexTable.xcdatamodeld */ = {
			isa = XCVersionGroup;
			children = (
				D52BE0152184A17200D6D663 /* ComplexTable.xcdatamodel */,
			);
			currentVersion = D52BE0152184A17200D6D663 /* ComplexTable.xcdatamodel */;
			path = ComplexTable.xcdatamodeld;
			sourceTree = "<group>";
			versionGroupType = wrapper.xcdatamodel;
		};
/* End XCVersionGroup section */
	};
	rootObject = D52BE0022184A17200D6D663 /* Project object */;
}
